// !$*UTF8*$!
{
	archiveVersion = 1;
	classes = {
	};
	objectVersion = 45;
	objects = {

/* Begin PBXBuildFile section */
		1D3623260D0F684500981E51 /* mayhosAppDelegate.m in Sources */ = {isa = PBXBuildFile; fileRef = 1D3623250D0F684500981E51 /* mayhosAppDelegate.m */; };
		1D60589B0D05DD56006BFB54 /* main.m in Sources */ = {isa = PBXBuildFile; fileRef = 29B97316FDCFA39411CA2CEA /* main.m */; };
		1D60589F0D05DD5A006BFB54 /* Foundation.framework in Frameworks */ = {isa = PBXBuildFile; fileRef = 1D30AB110D05D00D00671497 /* Foundation.framework */; };
		1DF5F4E00D08C38300B7A737 /* UIKit.framework in Frameworks */ = {isa = PBXBuildFile; fileRef = 1DF5F4DF0D08C38300B7A737 /* UIKit.framework */; };
		288765080DF74369002DB57D /* CoreGraphics.framework in Frameworks */ = {isa = PBXBuildFile; fileRef = 288765070DF74369002DB57D /* CoreGraphics.framework */; };
		4C01F4D911581DA600876040 /* AdvancedSearchController.m in Sources */ = {isa = PBXBuildFile; fileRef = 4C01F4D811581DA600876040 /* AdvancedSearchController.m */; };
		4C19A757116F60FD00A61088 /* DatePickerView.m in Sources */ = {isa = PBXBuildFile; fileRef = 4C19A756116F60FD00A61088 /* DatePickerView.m */; };
		4C19A87F116F706100A61088 /* ModalPickerView.m in Sources */ = {isa = PBXBuildFile; fileRef = 4C19A87E116F706100A61088 /* ModalPickerView.m */; };
		4C1C1634116EC4B70078F764 /* OptionController.m in Sources */ = {isa = PBXBuildFile; fileRef = 4C1C1633116EC4B70078F764 /* OptionController.m */; };
		4C3580D510F63CB600A0B637 /* Search.xib in Resources */ = {isa = PBXBuildFile; fileRef = 4C3580D410F63CB600A0B637 /* Search.xib */; };
		4C3AE3C0110294E600BDB09B /* Default.png in Resources */ = {isa = PBXBuildFile; fileRef = 4C3AE3BF110294E600BDB09B /* Default.png */; };
		4C3C5AF310F6B136001AA58B /* libxml2.dylib in Frameworks */ = {isa = PBXBuildFile; fileRef = 4C3C5AF210F6B135001AA58B /* libxml2.dylib */; };
		4C5CAF9E11285DB500DADB3D /* entry.html in Resources */ = {isa = PBXBuildFile; fileRef = 4C5CAF9D11285DB500DADB3D /* entry.html */; };
		4C61EB1410EA76F3004DE317 /* Icon.png in Resources */ = {isa = PBXBuildFile; fileRef = 4C61EB1210EA76F3004DE317 /* Icon.png */; };
		4C61EB6510EA7943004DE317 /* EksiLinkController.m in Sources */ = {isa = PBXBuildFile; fileRef = 4C61EB4E10EA7943004DE317 /* EksiLinkController.m */; };
		4C61EB6610EA7943004DE317 /* EntryController.m in Sources */ = {isa = PBXBuildFile; fileRef = 4C61EB5010EA7943004DE317 /* EntryController.m */; };
		4C61EB6710EA7943004DE317 /* RecentsController.m in Sources */ = {isa = PBXBuildFile; fileRef = 4C61EB5210EA7943004DE317 /* RecentsController.m */; };
		4C61EB6810EA7943004DE317 /* SearchController.m in Sources */ = {isa = PBXBuildFile; fileRef = 4C61EB5410EA7943004DE317 /* SearchController.m */; };
		4C61EB6910EA7943004DE317 /* TitleController.m in Sources */ = {isa = PBXBuildFile; fileRef = 4C61EB5610EA7943004DE317 /* TitleController.m */; };
		4C61EB6A10EA7943004DE317 /* EksiEntry.m in Sources */ = {isa = PBXBuildFile; fileRef = 4C61EB5910EA7943004DE317 /* EksiEntry.m */; };
		4C61EB6B10EA7943004DE317 /* EksiTitle.m in Sources */ = {isa = PBXBuildFile; fileRef = 4C61EB5B10EA7943004DE317 /* EksiTitle.m */; };
		4C61EB6E10EA7943004DE317 /* GradientView.m in Sources */ = {isa = PBXBuildFile; fileRef = 4C61EB6210EA7943004DE317 /* GradientView.m */; };
		4C61EB6F10EA7943004DE317 /* PagePickerView.m in Sources */ = {isa = PBXBuildFile; fileRef = 4C61EB6410EA7943004DE317 /* PagePickerView.m */; };
		4C61EBAF10EA7A1B004DE317 /* MainWindow.xib in Resources */ = {isa = PBXBuildFile; fileRef = 4C61EBAE10EA7A1B004DE317 /* MainWindow.xib */; };
		4C719D351100DEA200D9ED91 /* FavoritesController.m in Sources */ = {isa = PBXBuildFile; fileRef = 4C719D341100DEA200D9ED91 /* FavoritesController.m */; };
		4C7A751F1173A57300329608 /* HistoryManager.m in Sources */ = {isa = PBXBuildFile; fileRef = 4C7A751E1173A57300329608 /* HistoryManager.m */; };
		4C8DCA12116B8A1A00667DA9 /* Back.png in Resources */ = {isa = PBXBuildFile; fileRef = 4C8DCA0A116B8A1A00667DA9 /* Back.png */; };
		4C8DCA13116B8A1A00667DA9 /* Chevron.png in Resources */ = {isa = PBXBuildFile; fileRef = 4C8DCA0B116B8A1A00667DA9 /* Chevron.png */; };
		4C8DCA14116B8A1A00667DA9 /* Down.png in Resources */ = {isa = PBXBuildFile; fileRef = 4C8DCA0C116B8A1A00667DA9 /* Down.png */; };
		4C8DCA15116B8A1A00667DA9 /* Forward.png in Resources */ = {isa = PBXBuildFile; fileRef = 4C8DCA0D116B8A1A00667DA9 /* Forward.png */; };
		4C8DCA16116B8A1A00667DA9 /* Search.png in Resources */ = {isa = PBXBuildFile; fileRef = 4C8DCA0E116B8A1A00667DA9 /* Search.png */; };
		4C8DCA17116B8A1A00667DA9 /* Star.png in Resources */ = {isa = PBXBuildFile; fileRef = 4C8DCA0F116B8A1A00667DA9 /* Star.png */; };
		4C8DCA18116B8A1A00667DA9 /* StarHollow.png in Resources */ = {isa = PBXBuildFile; fileRef = 4C8DCA10116B8A1A00667DA9 /* StarHollow.png */; };
		4C8DCA19116B8A1A00667DA9 /* Up.png in Resources */ = {isa = PBXBuildFile; fileRef = 4C8DCA11116B8A1A00667DA9 /* Up.png */; };
		4C8DCA20116B8A6100667DA9 /* NSDictionary+URLEncoding.m in Sources */ = {isa = PBXBuildFile; fileRef = 4C8DCA1D116B8A6100667DA9 /* NSDictionary+URLEncoding.m */; };
		4C8DCA21116B8A6100667DA9 /* NSURL+Query.m in Sources */ = {isa = PBXBuildFile; fileRef = 4C8DCA1F116B8A6100667DA9 /* NSURL+Query.m */; };
		4C8F6D4211715ADA0045784B /* FavoritesManager.m in Sources */ = {isa = PBXBuildFile; fileRef = 4C8F6D4111715ADA0045784B /* FavoritesManager.m */; };
		4C92E4091176ACDE001BD05F /* EksiLink.m in Sources */ = {isa = PBXBuildFile; fileRef = 4C92E4081176ACDE001BD05F /* EksiLink.m */; };
		4CA3BB0110F43EE0002D50A8 /* mayhosTabBarController.m in Sources */ = {isa = PBXBuildFile; fileRef = 4CA3BB0010F43EE0002D50A8 /* mayhosTabBarController.m */; };
		4CA5FECE10F7AAAB002924A5 /* LeftFrameParser.m in Sources */ = {isa = PBXBuildFile; fileRef = 4CA5FECD10F7AAAB002924A5 /* LeftFrameParser.m */; };
		4CA5FED710F7ACE9002924A5 /* EksiParser.m in Sources */ = {isa = PBXBuildFile; fileRef = 4CA5FED610F7ACE9002924A5 /* EksiParser.m */; };
		4CA5FF2510F7B26A002924A5 /* RightFrameParser.m in Sources */ = {isa = PBXBuildFile; fileRef = 4CA5FF2410F7B26A002924A5 /* RightFrameParser.m */; };
		4CAC21A011767E2800B5896F /* TitleView.m in Sources */ = {isa = PBXBuildFile; fileRef = 4CAC219F11767E2800B5896F /* TitleView.m */; };
		4CB3AB2A10FAA6070072DE2D /* Constants.m in Sources */ = {isa = PBXBuildFile; fileRef = 4CB3AB2910FAA6070072DE2D /* Constants.m */; };
		4CB3ABFA10FAB9DB0072DE2D /* PagedController.m in Sources */ = {isa = PBXBuildFile; fileRef = 4CB3ABF910FAB9DB0072DE2D /* PagedController.m */; };
		4CC6A04B1166AC7D007D8175 /* defaults.plist in Resources */ = {isa = PBXBuildFile; fileRef = 4CC6A04A1166AC7D007D8175 /* defaults.plist */; };
		4CDEED3810FA1C0000220062 /* WebController.m in Sources */ = {isa = PBXBuildFile; fileRef = 4CDEED3610FA1C0000220062 /* WebController.m */; };
		4CE51C601171286E00267E08 /* API.m in Sources */ = {isa = PBXBuildFile; fileRef = 4CE51C5F1171286E00267E08 /* API.m */; };
		4CE51C63117128A400267E08 /* Util.m in Sources */ = {isa = PBXBuildFile; fileRef = 4CE51C62117128A400267E08 /* Util.m */; };
/* End PBXBuildFile section */

/* Begin PBXFileReference section */
		1D30AB110D05D00D00671497 /* Foundation.framework */ = {isa = PBXFileReference; lastKnownFileType = wrapper.framework; name = Foundation.framework; path = System/Library/Frameworks/Foundation.framework; sourceTree = SDKROOT; };
		1D3623240D0F684500981E51 /* mayhosAppDelegate.h */ = {isa = PBXFileReference; fileEncoding = 4; lastKnownFileType = sourcecode.c.h; path = mayhosAppDelegate.h; sourceTree = "<group>"; };
		1D3623250D0F684500981E51 /* mayhosAppDelegate.m */ = {isa = PBXFileReference; fileEncoding = 4; lastKnownFileType = sourcecode.c.objc; path = mayhosAppDelegate.m; sourceTree = "<group>"; };
		1D6058910D05DD3D006BFB54 /* mayhos.app */ = {isa = PBXFileReference; explicitFileType = wrapper.application; includeInIndex = 0; path = mayhos.app; sourceTree = BUILT_PRODUCTS_DIR; };
		1DF5F4DF0D08C38300B7A737 /* UIKit.framework */ = {isa = PBXFileReference; lastKnownFileType = wrapper.framework; name = UIKit.framework; path = System/Library/Frameworks/UIKit.framework; sourceTree = SDKROOT; };
		288765070DF74369002DB57D /* CoreGraphics.framework */ = {isa = PBXFileReference; lastKnownFileType = wrapper.framework; name = CoreGraphics.framework; path = System/Library/Frameworks/CoreGraphics.framework; sourceTree = SDKROOT; };
		28A0AB4B0D9B1048005BE974 /* mayhos_Prefix.pch */ = {isa = PBXFileReference; fileEncoding = 4; lastKnownFileType = sourcecode.c.h; path = mayhos_Prefix.pch; sourceTree = "<group>"; };
		29B97316FDCFA39411CA2CEA /* main.m */ = {isa = PBXFileReference; fileEncoding = 4; lastKnownFileType = sourcecode.c.objc; path = main.m; sourceTree = "<group>"; };
		4C01F4D711581DA600876040 /* AdvancedSearchController.h */ = {isa = PBXFileReference; fileEncoding = 4; lastKnownFileType = sourcecode.c.h; path = AdvancedSearchController.h; sourceTree = "<group>"; };
		4C01F4D811581DA600876040 /* AdvancedSearchController.m */ = {isa = PBXFileReference; fileEncoding = 4; lastKnownFileType = sourcecode.c.objc; path = AdvancedSearchController.m; sourceTree = "<group>"; };
		4C19A755116F60FD00A61088 /* DatePickerView.h */ = {isa = PBXFileReference; fileEncoding = 4; lastKnownFileType = sourcecode.c.h; path = DatePickerView.h; sourceTree = "<group>"; };
		4C19A756116F60FD00A61088 /* DatePickerView.m */ = {isa = PBXFileReference; fileEncoding = 4; lastKnownFileType = sourcecode.c.objc; path = DatePickerView.m; sourceTree = "<group>"; };
		4C19A87D116F706100A61088 /* ModalPickerView.h */ = {isa = PBXFileReference; fileEncoding = 4; lastKnownFileType = sourcecode.c.h; path = ModalPickerView.h; sourceTree = "<group>"; };
		4C19A87E116F706100A61088 /* ModalPickerView.m */ = {isa = PBXFileReference; fileEncoding = 4; lastKnownFileType = sourcecode.c.objc; path = ModalPickerView.m; sourceTree = "<group>"; };
		4C1C1632116EC4B70078F764 /* OptionController.h */ = {isa = PBXFileReference; fileEncoding = 4; lastKnownFileType = sourcecode.c.h; path = OptionController.h; sourceTree = "<group>"; };
		4C1C1633116EC4B70078F764 /* OptionController.m */ = {isa = PBXFileReference; fileEncoding = 4; lastKnownFileType = sourcecode.c.objc; path = OptionController.m; sourceTree = "<group>"; };
		4C3580D410F63CB600A0B637 /* Search.xib */ = {isa = PBXFileReference; lastKnownFileType = file.xib; path = Search.xib; sourceTree = "<group>"; };
		4C3AE3BF110294E600BDB09B /* Default.png */ = {isa = PBXFileReference; lastKnownFileType = image.png; path = Default.png; sourceTree = "<group>"; };
		4C3C5AF210F6B135001AA58B /* libxml2.dylib */ = {isa = PBXFileReference; lastKnownFileType = "compiled.mach-o.dylib"; name = libxml2.dylib; path = usr/lib/libxml2.dylib; sourceTree = SDKROOT; };
		4C5CAF9D11285DB500DADB3D /* entry.html */ = {isa = PBXFileReference; fileEncoding = 4; lastKnownFileType = text.html; path = entry.html; sourceTree = "<group>"; };
		4C61EB1210EA76F3004DE317 /* Icon.png */ = {isa = PBXFileReference; lastKnownFileType = image.png; path = Icon.png; sourceTree = "<group>"; };
		4C61EB4D10EA7943004DE317 /* EksiLinkController.h */ = {isa = PBXFileReference; fileEncoding = 4; lastKnownFileType = sourcecode.c.h; path = EksiLinkController.h; sourceTree = "<group>"; };
		4C61EB4E10EA7943004DE317 /* EksiLinkController.m */ = {isa = PBXFileReference; fileEncoding = 4; lastKnownFileType = sourcecode.c.objc; path = EksiLinkController.m; sourceTree = "<group>"; };
		4C61EB4F10EA7943004DE317 /* EntryController.h */ = {isa = PBXFileReference; fileEncoding = 4; lastKnownFileType = sourcecode.c.h; path = EntryController.h; sourceTree = "<group>"; };
		4C61EB5010EA7943004DE317 /* EntryController.m */ = {isa = PBXFileReference; fileEncoding = 4; lastKnownFileType = sourcecode.c.objc; path = EntryController.m; sourceTree = "<group>"; };
		4C61EB5110EA7943004DE317 /* RecentsController.h */ = {isa = PBXFileReference; fileEncoding = 4; lastKnownFileType = sourcecode.c.h; path = RecentsController.h; sourceTree = "<group>"; };
		4C61EB5210EA7943004DE317 /* RecentsController.m */ = {isa = PBXFileReference; fileEncoding = 4; lastKnownFileType = sourcecode.c.objc; path = RecentsController.m; sourceTree = "<group>"; };
		4C61EB5310EA7943004DE317 /* SearchController.h */ = {isa = PBXFileReference; fileEncoding = 4; lastKnownFileType = sourcecode.c.h; path = SearchController.h; sourceTree = "<group>"; };
		4C61EB5410EA7943004DE317 /* SearchController.m */ = {isa = PBXFileReference; fileEncoding = 4; lastKnownFileType = sourcecode.c.objc; path = SearchController.m; sourceTree = "<group>"; };
		4C61EB5510EA7943004DE317 /* TitleController.h */ = {isa = PBXFileReference; fileEncoding = 4; lastKnownFileType = sourcecode.c.h; path = TitleController.h; sourceTree = "<group>"; };
		4C61EB5610EA7943004DE317 /* TitleController.m */ = {isa = PBXFileReference; fileEncoding = 4; lastKnownFileType = sourcecode.c.objc; path = TitleController.m; sourceTree = "<group>"; };
		4C61EB5810EA7943004DE317 /* EksiEntry.h */ = {isa = PBXFileReference; fileEncoding = 4; lastKnownFileType = sourcecode.c.h; path = EksiEntry.h; sourceTree = "<group>"; };
		4C61EB5910EA7943004DE317 /* EksiEntry.m */ = {isa = PBXFileReference; fileEncoding = 4; lastKnownFileType = sourcecode.c.objc; path = EksiEntry.m; sourceTree = "<group>"; };
		4C61EB5A10EA7943004DE317 /* EksiTitle.h */ = {isa = PBXFileReference; fileEncoding = 4; lastKnownFileType = sourcecode.c.h; path = EksiTitle.h; sourceTree = "<group>"; };
		4C61EB5B10EA7943004DE317 /* EksiTitle.m */ = {isa = PBXFileReference; fileEncoding = 4; lastKnownFileType = sourcecode.c.objc; path = EksiTitle.m; sourceTree = "<group>"; };
		4C61EB6110EA7943004DE317 /* GradientView.h */ = {isa = PBXFileReference; fileEncoding = 4; lastKnownFileType = sourcecode.c.h; path = GradientView.h; sourceTree = "<group>"; };
		4C61EB6210EA7943004DE317 /* GradientView.m */ = {isa = PBXFileReference; fileEncoding = 4; lastKnownFileType = sourcecode.c.objc; path = GradientView.m; sourceTree = "<group>"; };
		4C61EB6310EA7943004DE317 /* PagePickerView.h */ = {isa = PBXFileReference; fileEncoding = 4; lastKnownFileType = sourcecode.c.h; path = PagePickerView.h; sourceTree = "<group>"; };
		4C61EB6410EA7943004DE317 /* PagePickerView.m */ = {isa = PBXFileReference; fileEncoding = 4; lastKnownFileType = sourcecode.c.objc; path = PagePickerView.m; sourceTree = "<group>"; };
		4C61EBAE10EA7A1B004DE317 /* MainWindow.xib */ = {isa = PBXFileReference; lastKnownFileType = file.xib; path = MainWindow.xib; sourceTree = "<group>"; };
		4C719D331100DEA200D9ED91 /* FavoritesController.h */ = {isa = PBXFileReference; fileEncoding = 4; lastKnownFileType = sourcecode.c.h; path = FavoritesController.h; sourceTree = "<group>"; };
		4C719D341100DEA200D9ED91 /* FavoritesController.m */ = {isa = PBXFileReference; fileEncoding = 4; lastKnownFileType = sourcecode.c.objc; path = FavoritesController.m; sourceTree = "<group>"; };
		4C7A751D1173A57300329608 /* HistoryManager.h */ = {isa = PBXFileReference; fileEncoding = 4; lastKnownFileType = sourcecode.c.h; path = HistoryManager.h; sourceTree = "<group>"; };
		4C7A751E1173A57300329608 /* HistoryManager.m */ = {isa = PBXFileReference; fileEncoding = 4; lastKnownFileType = sourcecode.c.objc; path = HistoryManager.m; sourceTree = "<group>"; };
		4C8DCA0A116B8A1A00667DA9 /* Back.png */ = {isa = PBXFileReference; lastKnownFileType = image.png; path = Back.png; sourceTree = "<group>"; };
		4C8DCA0B116B8A1A00667DA9 /* Chevron.png */ = {isa = PBXFileReference; lastKnownFileType = image.png; path = Chevron.png; sourceTree = "<group>"; };
		4C8DCA0C116B8A1A00667DA9 /* Down.png */ = {isa = PBXFileReference; lastKnownFileType = image.png; path = Down.png; sourceTree = "<group>"; };
		4C8DCA0D116B8A1A00667DA9 /* Forward.png */ = {isa = PBXFileReference; lastKnownFileType = image.png; path = Forward.png; sourceTree = "<group>"; };
		4C8DCA0E116B8A1A00667DA9 /* Search.png */ = {isa = PBXFileReference; lastKnownFileType = image.png; path = Search.png; sourceTree = "<group>"; };
		4C8DCA0F116B8A1A00667DA9 /* Star.png */ = {isa = PBXFileReference; lastKnownFileType = image.png; path = Star.png; sourceTree = "<group>"; };
		4C8DCA10116B8A1A00667DA9 /* StarHollow.png */ = {isa = PBXFileReference; lastKnownFileType = image.png; path = StarHollow.png; sourceTree = "<group>"; };
		4C8DCA11116B8A1A00667DA9 /* Up.png */ = {isa = PBXFileReference; lastKnownFileType = image.png; path = Up.png; sourceTree = "<group>"; };
		4C8DCA1C116B8A6100667DA9 /* NSDictionary+URLEncoding.h */ = {isa = PBXFileReference; fileEncoding = 4; lastKnownFileType = sourcecode.c.h; path = "NSDictionary+URLEncoding.h"; sourceTree = "<group>"; };
		4C8DCA1D116B8A6100667DA9 /* NSDictionary+URLEncoding.m */ = {isa = PBXFileReference; fileEncoding = 4; lastKnownFileType = sourcecode.c.objc; path = "NSDictionary+URLEncoding.m"; sourceTree = "<group>"; };
		4C8DCA1E116B8A6100667DA9 /* NSURL+Query.h */ = {isa = PBXFileReference; fileEncoding = 4; lastKnownFileType = sourcecode.c.h; path = "NSURL+Query.h"; sourceTree = "<group>"; };
		4C8DCA1F116B8A6100667DA9 /* NSURL+Query.m */ = {isa = PBXFileReference; fileEncoding = 4; lastKnownFileType = sourcecode.c.objc; path = "NSURL+Query.m"; sourceTree = "<group>"; };
		4C8F6D4011715ADA0045784B /* FavoritesManager.h */ = {isa = PBXFileReference; fileEncoding = 4; lastKnownFileType = sourcecode.c.h; path = FavoritesManager.h; sourceTree = "<group>"; };
		4C8F6D4111715ADA0045784B /* FavoritesManager.m */ = {isa = PBXFileReference; fileEncoding = 4; lastKnownFileType = sourcecode.c.objc; path = FavoritesManager.m; sourceTree = "<group>"; };
		4C92E4071176ACDE001BD05F /* EksiLink.h */ = {isa = PBXFileReference; fileEncoding = 4; lastKnownFileType = sourcecode.c.h; path = EksiLink.h; sourceTree = "<group>"; };
		4C92E4081176ACDE001BD05F /* EksiLink.m */ = {isa = PBXFileReference; fileEncoding = 4; lastKnownFileType = sourcecode.c.objc; path = EksiLink.m; sourceTree = "<group>"; };
		4CA3BAFF10F43EE0002D50A8 /* mayhosTabBarController.h */ = {isa = PBXFileReference; fileEncoding = 4; lastKnownFileType = sourcecode.c.h; path = mayhosTabBarController.h; sourceTree = "<group>"; };
		4CA3BB0010F43EE0002D50A8 /* mayhosTabBarController.m */ = {isa = PBXFileReference; fileEncoding = 4; lastKnownFileType = sourcecode.c.objc; path = mayhosTabBarController.m; sourceTree = "<group>"; };
		4CA5FECC10F7AAAB002924A5 /* LeftFrameParser.h */ = {isa = PBXFileReference; fileEncoding = 4; lastKnownFileType = sourcecode.c.h; path = LeftFrameParser.h; sourceTree = "<group>"; };
		4CA5FECD10F7AAAB002924A5 /* LeftFrameParser.m */ = {isa = PBXFileReference; fileEncoding = 4; lastKnownFileType = sourcecode.c.objc; path = LeftFrameParser.m; sourceTree = "<group>"; };
		4CA5FED510F7ACE9002924A5 /* EksiParser.h */ = {isa = PBXFileReference; fileEncoding = 4; lastKnownFileType = sourcecode.c.h; path = EksiParser.h; sourceTree = "<group>"; };
		4CA5FED610F7ACE9002924A5 /* EksiParser.m */ = {isa = PBXFileReference; fileEncoding = 4; lastKnownFileType = sourcecode.c.objc; path = EksiParser.m; sourceTree = "<group>"; };
		4CA5FF2310F7B26A002924A5 /* RightFrameParser.h */ = {isa = PBXFileReference; fileEncoding = 4; lastKnownFileType = sourcecode.c.h; path = RightFrameParser.h; sourceTree = "<group>"; };
		4CA5FF2410F7B26A002924A5 /* RightFrameParser.m */ = {isa = PBXFileReference; fileEncoding = 4; lastKnownFileType = sourcecode.c.objc; path = RightFrameParser.m; sourceTree = "<group>"; };
		4CAC219E11767E2800B5896F /* TitleView.h */ = {isa = PBXFileReference; fileEncoding = 4; lastKnownFileType = sourcecode.c.h; path = TitleView.h; sourceTree = "<group>"; };
		4CAC219F11767E2800B5896F /* TitleView.m */ = {isa = PBXFileReference; fileEncoding = 4; lastKnownFileType = sourcecode.c.objc; path = TitleView.m; sourceTree = "<group>"; };
		4CB3AB2810FAA6070072DE2D /* Constants.h */ = {isa = PBXFileReference; fileEncoding = 4; lastKnownFileType = sourcecode.c.h; path = Constants.h; sourceTree = "<group>"; };
		4CB3AB2910FAA6070072DE2D /* Constants.m */ = {isa = PBXFileReference; fileEncoding = 4; lastKnownFileType = sourcecode.c.objc; path = Constants.m; sourceTree = "<group>"; };
		4CB3ABF810FAB9DB0072DE2D /* PagedController.h */ = {isa = PBXFileReference; fileEncoding = 4; lastKnownFileType = sourcecode.c.h; path = PagedController.h; sourceTree = "<group>"; };
		4CB3ABF910FAB9DB0072DE2D /* PagedController.m */ = {isa = PBXFileReference; fileEncoding = 4; lastKnownFileType = sourcecode.c.objc; path = PagedController.m; sourceTree = "<group>"; };
		4CC6A04A1166AC7D007D8175 /* defaults.plist */ = {isa = PBXFileReference; fileEncoding = 4; lastKnownFileType = text.plist.xml; path = defaults.plist; sourceTree = "<group>"; };
		4CDEED3510FA1C0000220062 /* WebController.h */ = {isa = PBXFileReference; fileEncoding = 4; lastKnownFileType = sourcecode.c.h; path = WebController.h; sourceTree = "<group>"; };
		4CDEED3610FA1C0000220062 /* WebController.m */ = {isa = PBXFileReference; fileEncoding = 4; lastKnownFileType = sourcecode.c.objc; path = WebController.m; sourceTree = "<group>"; };
		4CE51C5E1171286E00267E08 /* API.h */ = {isa = PBXFileReference; fileEncoding = 4; lastKnownFileType = sourcecode.c.h; path = API.h; sourceTree = "<group>"; };
		4CE51C5F1171286E00267E08 /* API.m */ = {isa = PBXFileReference; fileEncoding = 4; lastKnownFileType = sourcecode.c.objc; path = API.m; sourceTree = "<group>"; };
		4CE51C61117128A400267E08 /* Util.h */ = {isa = PBXFileReference; fileEncoding = 4; lastKnownFileType = sourcecode.c.h; path = Util.h; sourceTree = "<group>"; };
		4CE51C62117128A400267E08 /* Util.m */ = {isa = PBXFileReference; fileEncoding = 4; lastKnownFileType = sourcecode.c.objc; path = Util.m; sourceTree = "<group>"; };
		8D1107310486CEB800E47090 /* mayhos-Info.plist */ = {isa = PBXFileReference; fileEncoding = 4; lastKnownFileType = text.plist.xml; path = "mayhos-Info.plist"; plistStructureDefinitionIdentifier = "com.apple.xcode.plist.structure-definition.iphone.info-plist"; sourceTree = "<group>"; };
/* End PBXFileReference section */

/* Begin PBXFrameworksBuildPhase section */
		1D60588F0D05DD3D006BFB54 /* Frameworks */ = {
			isa = PBXFrameworksBuildPhase;
			buildActionMask = 2147483647;
			files = (
				1D60589F0D05DD5A006BFB54 /* Foundation.framework in Frameworks */,
				1DF5F4E00D08C38300B7A737 /* UIKit.framework in Frameworks */,
				288765080DF74369002DB57D /* CoreGraphics.framework in Frameworks */,
				4C3C5AF310F6B136001AA58B /* libxml2.dylib in Frameworks */,
			);
			runOnlyForDeploymentPostprocessing = 0;
		};
/* End PBXFrameworksBuildPhase section */

/* Begin PBXGroup section */
		080E96DDFE201D6D7F000001 /* Classes */ = {
			isa = PBXGroup;
			children = (
				4C8DCA1B116B8A6100667DA9 /* Additions */,
				4C61EB4C10EA7943004DE317 /* Controllers */,
				4CE51C5D1171286E00267E08 /* Helpers */,
				4C61EB5710EA7943004DE317 /* Models */,
				4CA5FECB10F7AA72002924A5 /* Parsers */,
				4C61EB5C10EA7943004DE317 /* Views */,
				1D3623240D0F684500981E51 /* mayhosAppDelegate.h */,
				1D3623250D0F684500981E51 /* mayhosAppDelegate.m */,
			);
			path = Classes;
			sourceTree = "<group>";
		};
		19C28FACFE9D520D11CA2CBB /* Products */ = {
			isa = PBXGroup;
			children = (
				1D6058910D05DD3D006BFB54 /* mayhos.app */,
			);
			name = Products;
			sourceTree = "<group>";
		};
		29B97314FDCFA39411CA2CEA /* mayhos */ = {
			isa = PBXGroup;
			children = (
				080E96DDFE201D6D7F000001 /* Classes */,
				29B97315FDCFA39411CA2CEA /* Other Sources */,
				29B97317FDCFA39411CA2CEA /* Resources */,
				4C8DCA09116B8A1A00667DA9 /* Images */,
				29B97323FDCFA39411CA2CEA /* Frameworks */,
				19C28FACFE9D520D11CA2CBB /* Products */,
				4C3C5AF210F6B135001AA58B /* libxml2.dylib */,
			);
			name = mayhos;
			sourceTree = "<group>";
		};
		29B97315FDCFA39411CA2CEA /* Other Sources */ = {
			isa = PBXGroup;
			children = (
				28A0AB4B0D9B1048005BE974 /* mayhos_Prefix.pch */,
				29B97316FDCFA39411CA2CEA /* main.m */,
				4CB3AB2810FAA6070072DE2D /* Constants.h */,
				4CB3AB2910FAA6070072DE2D /* Constants.m */,
			);
			name = "Other Sources";
			sourceTree = "<group>";
		};
		29B97317FDCFA39411CA2CEA /* Resources */ = {
			isa = PBXGroup;
			children = (
				4C3AE3BF110294E600BDB09B /* Default.png */,
				4CC6A04A1166AC7D007D8175 /* defaults.plist */,
				4C5CAF9D11285DB500DADB3D /* entry.html */,
				4C61EB1210EA76F3004DE317 /* Icon.png */,
				4C61EBAE10EA7A1B004DE317 /* MainWindow.xib */,
				8D1107310486CEB800E47090 /* mayhos-Info.plist */,
				4C3580D410F63CB600A0B637 /* Search.xib */,
			);
			name = Resources;
			sourceTree = "<group>";
		};
		29B97323FDCFA39411CA2CEA /* Frameworks */ = {
			isa = PBXGroup;
			children = (
				1DF5F4DF0D08C38300B7A737 /* UIKit.framework */,
				1D30AB110D05D00D00671497 /* Foundation.framework */,
				288765070DF74369002DB57D /* CoreGraphics.framework */,
			);
			name = Frameworks;
			sourceTree = "<group>";
		};
		4C61EB4C10EA7943004DE317 /* Controllers */ = {
			isa = PBXGroup;
			children = (
				4CA3BAFF10F43EE0002D50A8 /* mayhosTabBarController.h */,
				4CA3BB0010F43EE0002D50A8 /* mayhosTabBarController.m */,
				4C01F4D711581DA600876040 /* AdvancedSearchController.h */,
				4C01F4D811581DA600876040 /* AdvancedSearchController.m */,
				4C61EB4D10EA7943004DE317 /* EksiLinkController.h */,
				4C61EB4E10EA7943004DE317 /* EksiLinkController.m */,
				4C61EB4F10EA7943004DE317 /* EntryController.h */,
				4C61EB5010EA7943004DE317 /* EntryController.m */,
				4C719D331100DEA200D9ED91 /* FavoritesController.h */,
				4C719D341100DEA200D9ED91 /* FavoritesController.m */,
				4C1C1632116EC4B70078F764 /* OptionController.h */,
				4C1C1633116EC4B70078F764 /* OptionController.m */,
				4CB3ABF810FAB9DB0072DE2D /* PagedController.h */,
				4CB3ABF910FAB9DB0072DE2D /* PagedController.m */,
				4C61EB5110EA7943004DE317 /* RecentsController.h */,
				4C61EB5210EA7943004DE317 /* RecentsController.m */,
				4C61EB5310EA7943004DE317 /* SearchController.h */,
				4C61EB5410EA7943004DE317 /* SearchController.m */,
				4C61EB5510EA7943004DE317 /* TitleController.h */,
				4C61EB5610EA7943004DE317 /* TitleController.m */,
				4CDEED3510FA1C0000220062 /* WebController.h */,
				4CDEED3610FA1C0000220062 /* WebController.m */,
			);
			path = Controllers;
			sourceTree = "<group>";
		};
		4C61EB5710EA7943004DE317 /* Models */ = {
			isa = PBXGroup;
			children = (
				4C61EB5810EA7943004DE317 /* EksiEntry.h */,
				4C61EB5910EA7943004DE317 /* EksiEntry.m */,
				4C92E4071176ACDE001BD05F /* EksiLink.h */,
				4C92E4081176ACDE001BD05F /* EksiLink.m */,
				4C61EB5A10EA7943004DE317 /* EksiTitle.h */,
				4C61EB5B10EA7943004DE317 /* EksiTitle.m */,
			);
			path = Models;
			sourceTree = "<group>";
		};
		4C61EB5C10EA7943004DE317 /* Views */ = {
			isa = PBXGroup;
			children = (
				4C19A755116F60FD00A61088 /* DatePickerView.h */,
				4C19A756116F60FD00A61088 /* DatePickerView.m */,
				4C61EB6110EA7943004DE317 /* GradientView.h */,
				4C61EB6210EA7943004DE317 /* GradientView.m */,
				4C19A87D116F706100A61088 /* ModalPickerView.h */,
				4C19A87E116F706100A61088 /* ModalPickerView.m */,
				4C61EB6310EA7943004DE317 /* PagePickerView.h */,
				4C61EB6410EA7943004DE317 /* PagePickerView.m */,
				4CAC219E11767E2800B5896F /* TitleView.h */,
				4CAC219F11767E2800B5896F /* TitleView.m */,
			);
			path = Views;
			sourceTree = "<group>";
		};
		4C8DCA09116B8A1A00667DA9 /* Images */ = {
			isa = PBXGroup;
			children = (
				4C8DCA0A116B8A1A00667DA9 /* Back.png */,
				4C8DCA0B116B8A1A00667DA9 /* Chevron.png */,
				4C8DCA0C116B8A1A00667DA9 /* Down.png */,
				4C8DCA0D116B8A1A00667DA9 /* Forward.png */,
				4C8DCA0E116B8A1A00667DA9 /* Search.png */,
				4C8DCA0F116B8A1A00667DA9 /* Star.png */,
				4C8DCA10116B8A1A00667DA9 /* StarHollow.png */,
				4C8DCA11116B8A1A00667DA9 /* Up.png */,
			);
			path = Images;
			sourceTree = "<group>";
		};
		4C8DCA1B116B8A6100667DA9 /* Additions */ = {
			isa = PBXGroup;
			children = (
				4C8DCA1C116B8A6100667DA9 /* NSDictionary+URLEncoding.h */,
				4C8DCA1D116B8A6100667DA9 /* NSDictionary+URLEncoding.m */,
				4C8DCA1E116B8A6100667DA9 /* NSURL+Query.h */,
				4C8DCA1F116B8A6100667DA9 /* NSURL+Query.m */,
			);
			path = Additions;
			sourceTree = "<group>";
		};
		4CA5FECB10F7AA72002924A5 /* Parsers */ = {
			isa = PBXGroup;
			children = (
				4CA5FED510F7ACE9002924A5 /* EksiParser.h */,
				4CA5FED610F7ACE9002924A5 /* EksiParser.m */,
				4CA5FECC10F7AAAB002924A5 /* LeftFrameParser.h */,
				4CA5FECD10F7AAAB002924A5 /* LeftFrameParser.m */,
				4CA5FF2310F7B26A002924A5 /* RightFrameParser.h */,
				4CA5FF2410F7B26A002924A5 /* RightFrameParser.m */,
			);
			path = Parsers;
			sourceTree = "<group>";
		};
		4CE51C5D1171286E00267E08 /* Helpers */ = {
			isa = PBXGroup;
			children = (
				4CE51C5E1171286E00267E08 /* API.h */,
				4CE51C5F1171286E00267E08 /* API.m */,
				4C8F6D4011715ADA0045784B /* FavoritesManager.h */,
				4C8F6D4111715ADA0045784B /* FavoritesManager.m */,
				4C7A751D1173A57300329608 /* HistoryManager.h */,
				4C7A751E1173A57300329608 /* HistoryManager.m */,
				4CE51C61117128A400267E08 /* Util.h */,
				4CE51C62117128A400267E08 /* Util.m */,
			);
			path = Helpers;
			sourceTree = "<group>";
		};
/* End PBXGroup section */

/* Begin PBXNativeTarget section */
		1D6058900D05DD3D006BFB54 /* mayhos */ = {
			isa = PBXNativeTarget;
			buildConfigurationList = 1D6058960D05DD3E006BFB54 /* Build configuration list for PBXNativeTarget "mayhos" */;
			buildPhases = (
				1D60588D0D05DD3D006BFB54 /* Resources */,
				1D60588E0D05DD3D006BFB54 /* Sources */,
				1D60588F0D05DD3D006BFB54 /* Frameworks */,
			);
			buildRules = (
			);
			dependencies = (
			);
			name = mayhos;
			productName = mayhos;
			productReference = 1D6058910D05DD3D006BFB54 /* mayhos.app */;
			productType = "com.apple.product-type.application";
		};
/* End PBXNativeTarget section */

/* Begin PBXProject section */
		29B97313FDCFA39411CA2CEA /* Project object */ = {
			isa = PBXProject;
			buildConfigurationList = C01FCF4E08A954540054247B /* Build configuration list for PBXProject "mayhos" */;
			compatibilityVersion = "Xcode 3.1";
			hasScannedForEncodings = 1;
			mainGroup = 29B97314FDCFA39411CA2CEA /* mayhos */;
			projectDirPath = "";
			projectRoot = "";
			targets = (
				1D6058900D05DD3D006BFB54 /* mayhos */,
			);
		};
/* End PBXProject section */

/* Begin PBXResourcesBuildPhase section */
		1D60588D0D05DD3D006BFB54 /* Resources */ = {
			isa = PBXResourcesBuildPhase;
			buildActionMask = 2147483647;
			files = (
				4C61EB1410EA76F3004DE317 /* Icon.png in Resources */,
				4C61EBAF10EA7A1B004DE317 /* MainWindow.xib in Resources */,
				4C3580D510F63CB600A0B637 /* Search.xib in Resources */,
				4C3AE3C0110294E600BDB09B /* Default.png in Resources */,
				4C5CAF9E11285DB500DADB3D /* entry.html in Resources */,
				4CC6A04B1166AC7D007D8175 /* defaults.plist in Resources */,
				4C8DCA12116B8A1A00667DA9 /* Back.png in Resources */,
				4C8DCA13116B8A1A00667DA9 /* Chevron.png in Resources */,
				4C8DCA14116B8A1A00667DA9 /* Down.png in Resources */,
				4C8DCA15116B8A1A00667DA9 /* Forward.png in Resources */,
				4C8DCA16116B8A1A00667DA9 /* Search.png in Resources */,
				4C8DCA17116B8A1A00667DA9 /* Star.png in Resources */,
				4C8DCA18116B8A1A00667DA9 /* StarHollow.png in Resources */,
				4C8DCA19116B8A1A00667DA9 /* Up.png in Resources */,
			);
			runOnlyForDeploymentPostprocessing = 0;
		};
/* End PBXResourcesBuildPhase section */

/* Begin PBXSourcesBuildPhase section */
		1D60588E0D05DD3D006BFB54 /* Sources */ = {
			isa = PBXSourcesBuildPhase;
			buildActionMask = 2147483647;
			files = (
				1D60589B0D05DD56006BFB54 /* main.m in Sources */,
				1D3623260D0F684500981E51 /* mayhosAppDelegate.m in Sources */,
				4C61EB6510EA7943004DE317 /* EksiLinkController.m in Sources */,
				4C61EB6610EA7943004DE317 /* EntryController.m in Sources */,
				4C61EB6710EA7943004DE317 /* RecentsController.m in Sources */,
				4C61EB6810EA7943004DE317 /* SearchController.m in Sources */,
				4C61EB6910EA7943004DE317 /* TitleController.m in Sources */,
				4C61EB6A10EA7943004DE317 /* EksiEntry.m in Sources */,
				4C61EB6B10EA7943004DE317 /* EksiTitle.m in Sources */,
				4C61EB6E10EA7943004DE317 /* GradientView.m in Sources */,
				4C61EB6F10EA7943004DE317 /* PagePickerView.m in Sources */,
				4CA3BB0110F43EE0002D50A8 /* mayhosTabBarController.m in Sources */,
				4CA5FECE10F7AAAB002924A5 /* LeftFrameParser.m in Sources */,
				4CA5FED710F7ACE9002924A5 /* EksiParser.m in Sources */,
				4CA5FF2510F7B26A002924A5 /* RightFrameParser.m in Sources */,
				4CDEED3810FA1C0000220062 /* WebController.m in Sources */,
				4CB3AB2A10FAA6070072DE2D /* Constants.m in Sources */,
				4CB3ABFA10FAB9DB0072DE2D /* PagedController.m in Sources */,
				4C719D351100DEA200D9ED91 /* FavoritesController.m in Sources */,
				4C01F4D911581DA600876040 /* AdvancedSearchController.m in Sources */,
				4C8DCA20116B8A6100667DA9 /* NSDictionary+URLEncoding.m in Sources */,
				4C8DCA21116B8A6100667DA9 /* NSURL+Query.m in Sources */,
				4C1C1634116EC4B70078F764 /* OptionController.m in Sources */,
				4C19A757116F60FD00A61088 /* DatePickerView.m in Sources */,
				4C19A87F116F706100A61088 /* ModalPickerView.m in Sources */,
				4CE51C601171286E00267E08 /* API.m in Sources */,
				4CE51C63117128A400267E08 /* Util.m in Sources */,
				4C8F6D4211715ADA0045784B /* FavoritesManager.m in Sources */,
				4C7A751F1173A57300329608 /* HistoryManager.m in Sources */,
				4CAC21A011767E2800B5896F /* TitleView.m in Sources */,
				4C92E4091176ACDE001BD05F /* EksiLink.m in Sources */,
			);
			runOnlyForDeploymentPostprocessing = 0;
		};
/* End PBXSourcesBuildPhase section */

/* Begin XCBuildConfiguration section */
		1D6058940D05DD3E006BFB54 /* Debug */ = {
			isa = XCBuildConfiguration;
			buildSettings = {
				ALWAYS_SEARCH_USER_PATHS = NO;
				COPY_PHASE_STRIP = NO;
				GCC_DYNAMIC_NO_PIC = NO;
				GCC_OPTIMIZATION_LEVEL = 0;
				GCC_PRECOMPILE_PREFIX_HEADER = YES;
				GCC_PREFIX_HEADER = mayhos_Prefix.pch;
				INFOPLIST_FILE = "mayhos-Info.plist";
				PRODUCT_NAME = mayhos;
			};
			name = Debug;
		};
		1D6058950D05DD3E006BFB54 /* Release */ = {
			isa = XCBuildConfiguration;
			buildSettings = {
				ALWAYS_SEARCH_USER_PATHS = NO;
				COPY_PHASE_STRIP = YES;
				GCC_PRECOMPILE_PREFIX_HEADER = YES;
				GCC_PREFIX_HEADER = mayhos_Prefix.pch;
				INFOPLIST_FILE = "mayhos-Info.plist";
				PRODUCT_NAME = mayhos;
			};
			name = Release;
		};
		4CAF79C9117696BA00E3C170 /* Distribution */ = {
			isa = XCBuildConfiguration;
			buildSettings = {
				ARCHS = "$(ARCHS_STANDARD_32_BIT)";
				"CODE_SIGN_IDENTITY[sdk=iphoneos*]" = "iPhone Distribution";
				GCC_C_LANGUAGE_STANDARD = c99;
				GCC_WARN_ABOUT_RETURN_TYPE = YES;
				GCC_WARN_UNUSED_VARIABLE = YES;
				HEADER_SEARCH_PATHS = /usr/include/libxml2;
				PREBINDING = NO;
				"PROVISIONING_PROFILE[sdk=iphoneos*]" = "";
				SDKROOT = iphoneos3.0;
			};
			name = Distribution;
		};
		4CAF79CA117696BA00E3C170 /* Distribution */ = {
			isa = XCBuildConfiguration;
			buildSettings = {
				ALWAYS_SEARCH_USER_PATHS = NO;
				COPY_PHASE_STRIP = YES;
				GCC_PRECOMPILE_PREFIX_HEADER = YES;
				GCC_PREFIX_HEADER = mayhos_Prefix.pch;
				INFOPLIST_FILE = "mayhos-Info.plist";
				PRODUCT_NAME = mayhos;
			};
			name = Distribution;
		};
		C01FCF4F08A954540054247B /* Debug */ = {
			isa = XCBuildConfiguration;
			buildSettings = {
				ARCHS = "$(ARCHS_STANDARD_32_BIT)";
				"CODE_SIGN_IDENTITY[sdk=iphoneos*]" = "iPhone Developer";
				GCC_C_LANGUAGE_STANDARD = c99;
				GCC_WARN_ABOUT_RETURN_TYPE = YES;
				GCC_WARN_UNUSED_VARIABLE = YES;
				HEADER_SEARCH_PATHS = /usr/include/libxml2;
				PREBINDING = NO;
				SDKROOT = iphoneos3.0;
			};
			name = Debug;
		};
		C01FCF5008A954540054247B /* Release */ = {
			isa = XCBuildConfiguration;
			buildSettings = {
				ARCHS = "$(ARCHS_STANDARD_32_BIT)";
				"CODE_SIGN_IDENTITY[sdk=iphoneos*]" = "iPhone Developer";
				GCC_C_LANGUAGE_STANDARD = c99;
				GCC_WARN_ABOUT_RETURN_TYPE = YES;
				GCC_WARN_UNUSED_VARIABLE = YES;
				HEADER_SEARCH_PATHS = /usr/include/libxml2;
				PREBINDING = NO;
				SDKROOT = iphoneos3.0;
			};
			name = Release;
		};
/* End XCBuildConfiguration section */

/* Begin XCConfigurationList section */
		1D6058960D05DD3E006BFB54 /* Build configuration list for PBXNativeTarget "mayhos" */ = {
			isa = XCConfigurationList;
			buildConfigurations = (
				1D6058940D05DD3E006BFB54 /* Debug */,
				1D6058950D05DD3E006BFB54 /* Release */,
				4CAF79CA117696BA00E3C170 /* Distribution */,
			);
			defaultConfigurationIsVisible = 0;
			defaultConfigurationName = Release;
		};
		C01FCF4E08A954540054247B /* Build configuration list for PBXProject "mayhos" */ = {
			isa = XCConfigurationList;
			buildConfigurations = (
				C01FCF4F08A954540054247B /* Debug */,
				C01FCF5008A954540054247B /* Release */,
				4CAF79C9117696BA00E3C170 /* Distribution */,
			);
			defaultConfigurationIsVisible = 0;
			defaultConfigurationName = Release;
		};
/* End XCConfigurationList section */
	};
	rootObject = 29B97313FDCFA39411CA2CEA /* Project object */;
}
