// !$*UTF8*$!
{
	archiveVersion = 1;
	classes = {
	};
	objectVersion = 45;
	objects = {

/* Begin PBXBuildFile section */
		1D3623260D0F684500981E51 /* mayhosAppDelegate.m in Sources */ = {isa = PBXBuildFile; fileRef = 1D3623250D0F684500981E51 /* mayhosAppDelegate.m */; };
		1D60589B0D05DD56006BFB54 /* main.m in Sources */ = {isa = PBXBuildFile; fileRef = 29B97316FDCFA39411CA2CEA /* main.m */; };
		1D60589F0D05DD5A006BFB54 /* Foundation.framework in Frameworks */ = {isa = PBXBuildFile; fileRef = 1D30AB110D05D00D00671497 /* Foundation.framework */; };
		1DF5F4E00D08C38300B7A737 /* UIKit.framework in Frameworks */ = {isa = PBXBuildFile; fileRef = 1DF5F4DF0D08C38300B7A737 /* UIKit.framework */; };
		288765080DF74369002DB57D /* CoreGraphics.framework in Frameworks */ = {isa = PBXBuildFile; fileRef = 288765070DF74369002DB57D /* CoreGraphics.framework */; };
		4C3C5AF310F6B136001AA58B /* libxml2.dylib in Frameworks */ = {isa = PBXBuildFile; fileRef = 4C3C5AF210F6B135001AA58B /* libxml2.dylib */; };
		4C61EB1310EA76F3004DE317 /* Default.png in Resources */ = {isa = PBXBuildFile; fileRef = 4C61EB1110EA76F3004DE317 /* Default.png */; };
		4C61EB1410EA76F3004DE317 /* Icon.png in Resources */ = {isa = PBXBuildFile; fileRef = 4C61EB1210EA76F3004DE317 /* Icon.png */; };
		4C61EB4010EA77AE004DE317 /* Recents.xib in Resources */ = {isa = PBXBuildFile; fileRef = 4C61EB3E10EA77AE004DE317 /* Recents.xib */; };
		4C61EB4110EA77AE004DE317 /* Search.xib in Resources */ = {isa = PBXBuildFile; fileRef = 4C61EB3F10EA77AE004DE317 /* Search.xib */; };
		4C61EB6510EA7943004DE317 /* EksiLinkController.m in Sources */ = {isa = PBXBuildFile; fileRef = 4C61EB4E10EA7943004DE317 /* EksiLinkController.m */; };
		4C61EB6610EA7943004DE317 /* EntryController.m in Sources */ = {isa = PBXBuildFile; fileRef = 4C61EB5010EA7943004DE317 /* EntryController.m */; };
		4C61EB6710EA7943004DE317 /* RecentsController.m in Sources */ = {isa = PBXBuildFile; fileRef = 4C61EB5210EA7943004DE317 /* RecentsController.m */; };
		4C61EB6810EA7943004DE317 /* SearchController.m in Sources */ = {isa = PBXBuildFile; fileRef = 4C61EB5410EA7943004DE317 /* SearchController.m */; };
		4C61EB6910EA7943004DE317 /* TitleController.m in Sources */ = {isa = PBXBuildFile; fileRef = 4C61EB5610EA7943004DE317 /* TitleController.m */; };
		4C61EB6A10EA7943004DE317 /* EksiEntry.m in Sources */ = {isa = PBXBuildFile; fileRef = 4C61EB5910EA7943004DE317 /* EksiEntry.m */; };
		4C61EB6B10EA7943004DE317 /* EksiTitle.m in Sources */ = {isa = PBXBuildFile; fileRef = 4C61EB5B10EA7943004DE317 /* EksiTitle.m */; };
		4C61EB6C10EA7943004DE317 /* AuthorView.m in Sources */ = {isa = PBXBuildFile; fileRef = 4C61EB5E10EA7943004DE317 /* AuthorView.m */; };
		4C61EB6D10EA7943004DE317 /* EksiTitleHeaderView.m in Sources */ = {isa = PBXBuildFile; fileRef = 4C61EB6010EA7943004DE317 /* EksiTitleHeaderView.m */; };
		4C61EB6E10EA7943004DE317 /* GradientView.m in Sources */ = {isa = PBXBuildFile; fileRef = 4C61EB6210EA7943004DE317 /* GradientView.m */; };
		4C61EB6F10EA7943004DE317 /* PagePickerView.m in Sources */ = {isa = PBXBuildFile; fileRef = 4C61EB6410EA7943004DE317 /* PagePickerView.m */; };
		4C61EB8010EA796F004DE317 /* NSDictionary+URLEncoding.m in Sources */ = {isa = PBXBuildFile; fileRef = 4C61EB7D10EA796F004DE317 /* NSDictionary+URLEncoding.m */; };
		4C61EB8110EA796F004DE317 /* NSURL+Query.m in Sources */ = {isa = PBXBuildFile; fileRef = 4C61EB7F10EA796F004DE317 /* NSURL+Query.m */; };
		4C61EBAF10EA7A1B004DE317 /* MainWindow.xib in Resources */ = {isa = PBXBuildFile; fileRef = 4C61EBAE10EA7A1B004DE317 /* MainWindow.xib */; };
		4CA5FECE10F7AAAB002924A5 /* LeftFrameParser.m in Sources */ = {isa = PBXBuildFile; fileRef = 4CA5FECD10F7AAAB002924A5 /* LeftFrameParser.m */; };
		4CA5FED710F7ACE9002924A5 /* EksiParser.m in Sources */ = {isa = PBXBuildFile; fileRef = 4CA5FED610F7ACE9002924A5 /* EksiParser.m */; };
		4CA5FF2510F7B26A002924A5 /* RightFrameParser.m in Sources */ = {isa = PBXBuildFile; fileRef = 4CA5FF2410F7B26A002924A5 /* RightFrameParser.m */; };
		4CA630F710F95E6000094EE3 /* Entry.xib in Resources */ = {isa = PBXBuildFile; fileRef = 4CA630F610F95E6000094EE3 /* Entry.xib */; };
		4CA6313B10F9626700094EE3 /* Down.png in Resources */ = {isa = PBXBuildFile; fileRef = 4CA6313910F9626700094EE3 /* Down.png */; };
		4CA6313C10F9626700094EE3 /* Up.png in Resources */ = {isa = PBXBuildFile; fileRef = 4CA6313A10F9626700094EE3 /* Up.png */; };
		4CDEED3810FA1C0000220062 /* WebController.m in Sources */ = {isa = PBXBuildFile; fileRef = 4CDEED3610FA1C0000220062 /* WebController.m */; };
		4CDEED3B10FA1C3F00220062 /* Web.xib in Resources */ = {isa = PBXBuildFile; fileRef = 4CDEED3A10FA1C3F00220062 /* Web.xib */; };
		4CDEED5210FA1F0C00220062 /* Back.png in Resources */ = {isa = PBXBuildFile; fileRef = 4CDEED5010FA1F0C00220062 /* Back.png */; };
		4CDEED5310FA1F0C00220062 /* Forward.png in Resources */ = {isa = PBXBuildFile; fileRef = 4CDEED5110FA1F0C00220062 /* Forward.png */; };
/* End PBXBuildFile section */

/* Begin PBXFileReference section */
		1D30AB110D05D00D00671497 /* Foundation.framework */ = {isa = PBXFileReference; lastKnownFileType = wrapper.framework; name = Foundation.framework; path = System/Library/Frameworks/Foundation.framework; sourceTree = SDKROOT; };
		1D3623240D0F684500981E51 /* mayhosAppDelegate.h */ = {isa = PBXFileReference; fileEncoding = 4; lastKnownFileType = sourcecode.c.h; path = mayhosAppDelegate.h; sourceTree = "<group>"; };
		1D3623250D0F684500981E51 /* mayhosAppDelegate.m */ = {isa = PBXFileReference; fileEncoding = 4; lastKnownFileType = sourcecode.c.objc; path = mayhosAppDelegate.m; sourceTree = "<group>"; };
		1D6058910D05DD3D006BFB54 /* mayhos.app */ = {isa = PBXFileReference; explicitFileType = wrapper.application; includeInIndex = 0; path = mayhos.app; sourceTree = BUILT_PRODUCTS_DIR; };
		1DF5F4DF0D08C38300B7A737 /* UIKit.framework */ = {isa = PBXFileReference; lastKnownFileType = wrapper.framework; name = UIKit.framework; path = System/Library/Frameworks/UIKit.framework; sourceTree = SDKROOT; };
		288765070DF74369002DB57D /* CoreGraphics.framework */ = {isa = PBXFileReference; lastKnownFileType = wrapper.framework; name = CoreGraphics.framework; path = System/Library/Frameworks/CoreGraphics.framework; sourceTree = SDKROOT; };
		28A0AB4B0D9B1048005BE974 /* mayhos_Prefix.pch */ = {isa = PBXFileReference; fileEncoding = 4; lastKnownFileType = sourcecode.c.h; path = mayhos_Prefix.pch; sourceTree = "<group>"; };
		29B97316FDCFA39411CA2CEA /* main.m */ = {isa = PBXFileReference; fileEncoding = 4; lastKnownFileType = sourcecode.c.objc; path = main.m; sourceTree = "<group>"; };
		4C3C5AF210F6B135001AA58B /* libxml2.dylib */ = {isa = PBXFileReference; lastKnownFileType = "compiled.mach-o.dylib"; name = libxml2.dylib; path = usr/lib/libxml2.dylib; sourceTree = SDKROOT; };
		4C61EB1110EA76F3004DE317 /* Default.png */ = {isa = PBXFileReference; lastKnownFileType = image.png; path = Default.png; sourceTree = "<group>"; };
		4C61EB1210EA76F3004DE317 /* Icon.png */ = {isa = PBXFileReference; lastKnownFileType = image.png; path = Icon.png; sourceTree = "<group>"; };
		4C61EB3E10EA77AE004DE317 /* Recents.xib */ = {isa = PBXFileReference; lastKnownFileType = file.xib; path = Recents.xib; sourceTree = "<group>"; };
		4C61EB3F10EA77AE004DE317 /* Search.xib */ = {isa = PBXFileReference; lastKnownFileType = file.xib; path = Search.xib; sourceTree = "<group>"; };
		4C61EB4D10EA7943004DE317 /* EksiLinkController.h */ = {isa = PBXFileReference; fileEncoding = 4; lastKnownFileType = sourcecode.c.h; path = EksiLinkController.h; sourceTree = "<group>"; };
		4C61EB4E10EA7943004DE317 /* EksiLinkController.m */ = {isa = PBXFileReference; fileEncoding = 4; lastKnownFileType = sourcecode.c.objc; path = EksiLinkController.m; sourceTree = "<group>"; };
		4C61EB4F10EA7943004DE317 /* EntryController.h */ = {isa = PBXFileReference; fileEncoding = 4; lastKnownFileType = sourcecode.c.h; path = EntryController.h; sourceTree = "<group>"; };
		4C61EB5010EA7943004DE317 /* EntryController.m */ = {isa = PBXFileReference; fileEncoding = 4; lastKnownFileType = sourcecode.c.objc; path = EntryController.m; sourceTree = "<group>"; };
		4C61EB5110EA7943004DE317 /* RecentsController.h */ = {isa = PBXFileReference; fileEncoding = 4; lastKnownFileType = sourcecode.c.h; path = RecentsController.h; sourceTree = "<group>"; };
		4C61EB5210EA7943004DE317 /* RecentsController.m */ = {isa = PBXFileReference; fileEncoding = 4; lastKnownFileType = sourcecode.c.objc; path = RecentsController.m; sourceTree = "<group>"; };
		4C61EB5310EA7943004DE317 /* SearchController.h */ = {isa = PBXFileReference; fileEncoding = 4; lastKnownFileType = sourcecode.c.h; path = SearchController.h; sourceTree = "<group>"; };
		4C61EB5410EA7943004DE317 /* SearchController.m */ = {isa = PBXFileReference; fileEncoding = 4; lastKnownFileType = sourcecode.c.objc; path = SearchController.m; sourceTree = "<group>"; };
		4C61EB5510EA7943004DE317 /* TitleController.h */ = {isa = PBXFileReference; fileEncoding = 4; lastKnownFileType = sourcecode.c.h; path = TitleController.h; sourceTree = "<group>"; };
		4C61EB5610EA7943004DE317 /* TitleController.m */ = {isa = PBXFileReference; fileEncoding = 4; lastKnownFileType = sourcecode.c.objc; path = TitleController.m; sourceTree = "<group>"; };
		4C61EB5810EA7943004DE317 /* EksiEntry.h */ = {isa = PBXFileReference; fileEncoding = 4; lastKnownFileType = sourcecode.c.h; path = EksiEntry.h; sourceTree = "<group>"; };
		4C61EB5910EA7943004DE317 /* EksiEntry.m */ = {isa = PBXFileReference; fileEncoding = 4; lastKnownFileType = sourcecode.c.objc; path = EksiEntry.m; sourceTree = "<group>"; };
		4C61EB5A10EA7943004DE317 /* EksiTitle.h */ = {isa = PBXFileReference; fileEncoding = 4; lastKnownFileType = sourcecode.c.h; path = EksiTitle.h; sourceTree = "<group>"; };
		4C61EB5B10EA7943004DE317 /* EksiTitle.m */ = {isa = PBXFileReference; fileEncoding = 4; lastKnownFileType = sourcecode.c.objc; path = EksiTitle.m; sourceTree = "<group>"; };
		4C61EB5D10EA7943004DE317 /* AuthorView.h */ = {isa = PBXFileReference; fileEncoding = 4; lastKnownFileType = sourcecode.c.h; path = AuthorView.h; sourceTree = "<group>"; };
		4C61EB5E10EA7943004DE317 /* AuthorView.m */ = {isa = PBXFileReference; fileEncoding = 4; lastKnownFileType = sourcecode.c.objc; path = AuthorView.m; sourceTree = "<group>"; };
		4C61EB5F10EA7943004DE317 /* EksiTitleHeaderView.h */ = {isa = PBXFileReference; fileEncoding = 4; lastKnownFileType = sourcecode.c.h; path = EksiTitleHeaderView.h; sourceTree = "<group>"; };
		4C61EB6010EA7943004DE317 /* EksiTitleHeaderView.m */ = {isa = PBXFileReference; fileEncoding = 4; lastKnownFileType = sourcecode.c.objc; path = EksiTitleHeaderView.m; sourceTree = "<group>"; };
		4C61EB6110EA7943004DE317 /* GradientView.h */ = {isa = PBXFileReference; fileEncoding = 4; lastKnownFileType = sourcecode.c.h; path = GradientView.h; sourceTree = "<group>"; };
		4C61EB6210EA7943004DE317 /* GradientView.m */ = {isa = PBXFileReference; fileEncoding = 4; lastKnownFileType = sourcecode.c.objc; path = GradientView.m; sourceTree = "<group>"; };
		4C61EB6310EA7943004DE317 /* PagePickerView.h */ = {isa = PBXFileReference; fileEncoding = 4; lastKnownFileType = sourcecode.c.h; path = PagePickerView.h; sourceTree = "<group>"; };
		4C61EB6410EA7943004DE317 /* PagePickerView.m */ = {isa = PBXFileReference; fileEncoding = 4; lastKnownFileType = sourcecode.c.objc; path = PagePickerView.m; sourceTree = "<group>"; };
		4C61EB7C10EA796F004DE317 /* NSDictionary+URLEncoding.h */ = {isa = PBXFileReference; fileEncoding = 4; lastKnownFileType = sourcecode.c.h; path = "NSDictionary+URLEncoding.h"; sourceTree = "<group>"; };
		4C61EB7D10EA796F004DE317 /* NSDictionary+URLEncoding.m */ = {isa = PBXFileReference; fileEncoding = 4; lastKnownFileType = sourcecode.c.objc; path = "NSDictionary+URLEncoding.m"; sourceTree = "<group>"; };
		4C61EB7E10EA796F004DE317 /* NSURL+Query.h */ = {isa = PBXFileReference; fileEncoding = 4; lastKnownFileType = sourcecode.c.h; path = "NSURL+Query.h"; sourceTree = "<group>"; };
		4C61EB7F10EA796F004DE317 /* NSURL+Query.m */ = {isa = PBXFileReference; fileEncoding = 4; lastKnownFileType = sourcecode.c.objc; path = "NSURL+Query.m"; sourceTree = "<group>"; };
		4C61EBAE10EA7A1B004DE317 /* MainWindow.xib */ = {isa = PBXFileReference; lastKnownFileType = file.xib; path = MainWindow.xib; sourceTree = "<group>"; };
		4CA5FECC10F7AAAB002924A5 /* LeftFrameParser.h */ = {isa = PBXFileReference; fileEncoding = 4; lastKnownFileType = sourcecode.c.h; path = LeftFrameParser.h; sourceTree = "<group>"; };
		4CA5FECD10F7AAAB002924A5 /* LeftFrameParser.m */ = {isa = PBXFileReference; fileEncoding = 4; lastKnownFileType = sourcecode.c.objc; path = LeftFrameParser.m; sourceTree = "<group>"; };
		4CA5FED510F7ACE9002924A5 /* EksiParser.h */ = {isa = PBXFileReference; fileEncoding = 4; lastKnownFileType = sourcecode.c.h; path = EksiParser.h; sourceTree = "<group>"; };
		4CA5FED610F7ACE9002924A5 /* EksiParser.m */ = {isa = PBXFileReference; fileEncoding = 4; lastKnownFileType = sourcecode.c.objc; path = EksiParser.m; sourceTree = "<group>"; };
		4CA5FF2310F7B26A002924A5 /* RightFrameParser.h */ = {isa = PBXFileReference; fileEncoding = 4; lastKnownFileType = sourcecode.c.h; path = RightFrameParser.h; sourceTree = "<group>"; };
		4CA5FF2410F7B26A002924A5 /* RightFrameParser.m */ = {isa = PBXFileReference; fileEncoding = 4; lastKnownFileType = sourcecode.c.objc; path = RightFrameParser.m; sourceTree = "<group>"; };
		4CA630F610F95E6000094EE3 /* Entry.xib */ = {isa = PBXFileReference; lastKnownFileType = file.xib; path = Entry.xib; sourceTree = "<group>"; };
		4CA6313910F9626700094EE3 /* Down.png */ = {isa = PBXFileReference; lastKnownFileType = image.png; path = Down.png; sourceTree = "<group>"; };
		4CA6313A10F9626700094EE3 /* Up.png */ = {isa = PBXFileReference; lastKnownFileType = image.png; path = Up.png; sourceTree = "<group>"; };
		4CDEED3510FA1C0000220062 /* WebController.h */ = {isa = PBXFileReference; fileEncoding = 4; lastKnownFileType = sourcecode.c.h; path = WebController.h; sourceTree = "<group>"; };
		4CDEED3610FA1C0000220062 /* WebController.m */ = {isa = PBXFileReference; fileEncoding = 4; lastKnownFileType = sourcecode.c.objc; path = WebController.m; sourceTree = "<group>"; };
		4CDEED3A10FA1C3F00220062 /* Web.xib */ = {isa = PBXFileReference; lastKnownFileType = file.xib; path = Web.xib; sourceTree = "<group>"; };
		4CDEED5010FA1F0C00220062 /* Back.png */ = {isa = PBXFileReference; lastKnownFileType = image.png; path = Back.png; sourceTree = "<group>"; };
		4CDEED5110FA1F0C00220062 /* Forward.png */ = {isa = PBXFileReference; lastKnownFileType = image.png; path = Forward.png; sourceTree = "<group>"; };
		8D1107310486CEB800E47090 /* mayhos-Info.plist */ = {isa = PBXFileReference; fileEncoding = 4; lastKnownFileType = text.plist.xml; path = "mayhos-Info.plist"; plistStructureDefinitionIdentifier = "com.apple.xcode.plist.structure-definition.iphone.info-plist"; sourceTree = "<group>"; };
/* End PBXFileReference section */

/* Begin PBXFrameworksBuildPhase section */
		1D60588F0D05DD3D006BFB54 /* Frameworks */ = {
			isa = PBXFrameworksBuildPhase;
			buildActionMask = 2147483647;
			files = (
				1D60589F0D05DD5A006BFB54 /* Foundation.framework in Frameworks */,
				1DF5F4E00D08C38300B7A737 /* UIKit.framework in Frameworks */,
				288765080DF74369002DB57D /* CoreGraphics.framework in Frameworks */,
				4C3C5AF310F6B136001AA58B /* libxml2.dylib in Frameworks */,
			);
			runOnlyForDeploymentPostprocessing = 0;
		};
/* End PBXFrameworksBuildPhase section */

/* Begin PBXGroup section */
		080E96DDFE201D6D7F000001 /* Classes */ = {
			isa = PBXGroup;
			children = (
				4C61EB4C10EA7943004DE317 /* Controllers */,
				4C61EB5710EA7943004DE317 /* Models */,
				4CA5FECB10F7AA72002924A5 /* Parsers */,
				4C61EB5C10EA7943004DE317 /* Views */,
				4C61EB7C10EA796F004DE317 /* NSDictionary+URLEncoding.h */,
				4C61EB7D10EA796F004DE317 /* NSDictionary+URLEncoding.m */,
				4C61EB7E10EA796F004DE317 /* NSURL+Query.h */,
				4C61EB7F10EA796F004DE317 /* NSURL+Query.m */,
				1D3623240D0F684500981E51 /* mayhosAppDelegate.h */,
				1D3623250D0F684500981E51 /* mayhosAppDelegate.m */,
			);
			path = Classes;
			sourceTree = "<group>";
		};
		19C28FACFE9D520D11CA2CBB /* Products */ = {
			isa = PBXGroup;
			children = (
				1D6058910D05DD3D006BFB54 /* mayhos.app */,
			);
			name = Products;
			sourceTree = "<group>";
		};
		29B97314FDCFA39411CA2CEA /* mayhos */ = {
			isa = PBXGroup;
			children = (
				080E96DDFE201D6D7F000001 /* Classes */,
				29B97315FDCFA39411CA2CEA /* Other Sources */,
				29B97317FDCFA39411CA2CEA /* Resources */,
				29B97323FDCFA39411CA2CEA /* Frameworks */,
				19C28FACFE9D520D11CA2CBB /* Products */,
				4C3C5AF210F6B135001AA58B /* libxml2.dylib */,
			);
			name = mayhos;
			sourceTree = "<group>";
		};
		29B97315FDCFA39411CA2CEA /* Other Sources */ = {
			isa = PBXGroup;
			children = (
				28A0AB4B0D9B1048005BE974 /* mayhos_Prefix.pch */,
				29B97316FDCFA39411CA2CEA /* main.m */,
			);
			name = "Other Sources";
			sourceTree = "<group>";
		};
		29B97317FDCFA39411CA2CEA /* Resources */ = {
			isa = PBXGroup;
			children = (
				4CDEED5010FA1F0C00220062 /* Back.png */,
				4CA6313910F9626700094EE3 /* Down.png */,
				4CDEED5110FA1F0C00220062 /* Forward.png */,
				4CA6313A10F9626700094EE3 /* Up.png */,
				4CA630F610F95E6000094EE3 /* Entry.xib */,
				4C61EBAE10EA7A1B004DE317 /* MainWindow.xib */,
				4C61EB1110EA76F3004DE317 /* Default.png */,
				4C61EB1210EA76F3004DE317 /* Icon.png */,
				8D1107310486CEB800E47090 /* mayhos-Info.plist */,
				4C61EB3E10EA77AE004DE317 /* Recents.xib */,
				4C61EB3F10EA77AE004DE317 /* Search.xib */,
				4CDEED3A10FA1C3F00220062 /* Web.xib */,
			);
			name = Resources;
			sourceTree = "<group>";
		};
		29B97323FDCFA39411CA2CEA /* Frameworks */ = {
			isa = PBXGroup;
			children = (
				1DF5F4DF0D08C38300B7A737 /* UIKit.framework */,
				1D30AB110D05D00D00671497 /* Foundation.framework */,
				288765070DF74369002DB57D /* CoreGraphics.framework */,
			);
			name = Frameworks;
			sourceTree = "<group>";
		};
		4C61EB4C10EA7943004DE317 /* Controllers */ = {
			isa = PBXGroup;
			children = (
				4C61EB4D10EA7943004DE317 /* EksiLinkController.h */,
				4C61EB4E10EA7943004DE317 /* EksiLinkController.m */,
				4C61EB4F10EA7943004DE317 /* EntryController.h */,
				4C61EB5010EA7943004DE317 /* EntryController.m */,
				4C61EB5110EA7943004DE317 /* RecentsController.h */,
				4C61EB5210EA7943004DE317 /* RecentsController.m */,
				4C61EB5310EA7943004DE317 /* SearchController.h */,
				4C61EB5410EA7943004DE317 /* SearchController.m */,
				4C61EB5510EA7943004DE317 /* TitleController.h */,
				4C61EB5610EA7943004DE317 /* TitleController.m */,
				4CDEED3510FA1C0000220062 /* WebController.h */,
				4CDEED3610FA1C0000220062 /* WebController.m */,
			);
			path = Controllers;
			sourceTree = "<group>";
		};
		4C61EB5710EA7943004DE317 /* Models */ = {
			isa = PBXGroup;
			children = (
				4C61EB5810EA7943004DE317 /* EksiEntry.h */,
				4C61EB5910EA7943004DE317 /* EksiEntry.m */,
				4C61EB5A10EA7943004DE317 /* EksiTitle.h */,
				4C61EB5B10EA7943004DE317 /* EksiTitle.m */,
			);
			path = Models;
			sourceTree = "<group>";
		};
		4C61EB5C10EA7943004DE317 /* Views */ = {
			isa = PBXGroup;
			children = (
				4C61EB5D10EA7943004DE317 /* AuthorView.h */,
				4C61EB5E10EA7943004DE317 /* AuthorView.m */,
				4C61EB5F10EA7943004DE317 /* EksiTitleHeaderView.h */,
				4C61EB6010EA7943004DE317 /* EksiTitleHeaderView.m */,
				4C61EB6110EA7943004DE317 /* GradientView.h */,
				4C61EB6210EA7943004DE317 /* GradientView.m */,
				4C61EB6310EA7943004DE317 /* PagePickerView.h */,
				4C61EB6410EA7943004DE317 /* PagePickerView.m */,
			);
			path = Views;
			sourceTree = "<group>";
		};
		4CA5FECB10F7AA72002924A5 /* Parsers */ = {
			isa = PBXGroup;
			children = (
				4CA5FED510F7ACE9002924A5 /* EksiParser.h */,
				4CA5FED610F7ACE9002924A5 /* EksiParser.m */,
				4CA5FECC10F7AAAB002924A5 /* LeftFrameParser.h */,
				4CA5FECD10F7AAAB002924A5 /* LeftFrameParser.m */,
				4CA5FF2310F7B26A002924A5 /* RightFrameParser.h */,
				4CA5FF2410F7B26A002924A5 /* RightFrameParser.m */,
			);
			path = Parsers;
			sourceTree = "<group>";
		};
/* End PBXGroup section */

/* Begin PBXNativeTarget section */
		1D6058900D05DD3D006BFB54 /* mayhos */ = {
			isa = PBXNativeTarget;
			buildConfigurationList = 1D6058960D05DD3E006BFB54 /* Build configuration list for PBXNativeTarget "mayhos" */;
			buildPhases = (
				1D60588D0D05DD3D006BFB54 /* Resources */,
				1D60588E0D05DD3D006BFB54 /* Sources */,
				1D60588F0D05DD3D006BFB54 /* Frameworks */,
			);
			buildRules = (
			);
			dependencies = (
			);
			name = mayhos;
			productName = mayhos;
			productReference = 1D6058910D05DD3D006BFB54 /* mayhos.app */;
			productType = "com.apple.product-type.application";
		};
/* End PBXNativeTarget section */

/* Begin PBXProject section */
		29B97313FDCFA39411CA2CEA /* Project object */ = {
			isa = PBXProject;
			buildConfigurationList = C01FCF4E08A954540054247B /* Build configuration list for PBXProject "mayhos" */;
			compatibilityVersion = "Xcode 3.1";
			hasScannedForEncodings = 1;
			mainGroup = 29B97314FDCFA39411CA2CEA /* mayhos */;
			projectDirPath = "";
			projectRoot = "";
			targets = (
				1D6058900D05DD3D006BFB54 /* mayhos */,
			);
		};
/* End PBXProject section */

/* Begin PBXResourcesBuildPhase section */
		1D60588D0D05DD3D006BFB54 /* Resources */ = {
			isa = PBXResourcesBuildPhase;
			buildActionMask = 2147483647;
			files = (
				4C61EB1310EA76F3004DE317 /* Default.png in Resources */,
				4C61EB1410EA76F3004DE317 /* Icon.png in Resources */,
				4C61EB4010EA77AE004DE317 /* Recents.xib in Resources */,
				4C61EB4110EA77AE004DE317 /* Search.xib in Resources */,
				4C61EBAF10EA7A1B004DE317 /* MainWindow.xib in Resources */,
				4CA630F710F95E6000094EE3 /* Entry.xib in Resources */,
				4CA6313B10F9626700094EE3 /* Down.png in Resources */,
				4CA6313C10F9626700094EE3 /* Up.png in Resources */,
				4CDEED3B10FA1C3F00220062 /* Web.xib in Resources */,
				4CDEED5210FA1F0C00220062 /* Back.png in Resources */,
				4CDEED5310FA1F0C00220062 /* Forward.png in Resources */,
			);
			runOnlyForDeploymentPostprocessing = 0;
		};
/* End PBXResourcesBuildPhase section */

/* Begin PBXSourcesBuildPhase section */
		1D60588E0D05DD3D006BFB54 /* Sources */ = {
			isa = PBXSourcesBuildPhase;
			buildActionMask = 2147483647;
			files = (
				1D60589B0D05DD56006BFB54 /* main.m in Sources */,
				1D3623260D0F684500981E51 /* mayhosAppDelegate.m in Sources */,
				4C61EB6510EA7943004DE317 /* EksiLinkController.m in Sources */,
				4C61EB6610EA7943004DE317 /* EntryController.m in Sources */,
				4C61EB6710EA7943004DE317 /* RecentsController.m in Sources */,
				4C61EB6810EA7943004DE317 /* SearchController.m in Sources */,
				4C61EB6910EA7943004DE317 /* TitleController.m in Sources */,
				4C61EB6A10EA7943004DE317 /* EksiEntry.m in Sources */,
				4C61EB6B10EA7943004DE317 /* EksiTitle.m in Sources */,
				4C61EB6C10EA7943004DE317 /* AuthorView.m in Sources */,
				4C61EB6D10EA7943004DE317 /* EksiTitleHeaderView.m in Sources */,
				4C61EB6E10EA7943004DE317 /* GradientView.m in Sources */,
				4C61EB6F10EA7943004DE317 /* PagePickerView.m in Sources */,
				4C61EB8010EA796F004DE317 /* NSDictionary+URLEncoding.m in Sources */,
				4C61EB8110EA796F004DE317 /* NSURL+Query.m in Sources */,
				4CA5FECE10F7AAAB002924A5 /* LeftFrameParser.m in Sources */,
				4CA5FED710F7ACE9002924A5 /* EksiParser.m in Sources */,
				4CA5FF2510F7B26A002924A5 /* RightFrameParser.m in Sources */,
				4CDEED3810FA1C0000220062 /* WebController.m in Sources */,
			);
			runOnlyForDeploymentPostprocessing = 0;
		};
/* End PBXSourcesBuildPhase section */

/* Begin XCBuildConfiguration section */
		1D6058940D05DD3E006BFB54 /* Debug */ = {
			isa = XCBuildConfiguration;
			buildSettings = {
				ALWAYS_SEARCH_USER_PATHS = NO;
				COPY_PHASE_STRIP = NO;
				GCC_DYNAMIC_NO_PIC = NO;
				GCC_OPTIMIZATION_LEVEL = 0;
				GCC_PRECOMPILE_PREFIX_HEADER = YES;
				GCC_PREFIX_HEADER = mayhos_Prefix.pch;
				INFOPLIST_FILE = "mayhos-Info.plist";
				PRODUCT_NAME = mayhos;
			};
			name = Debug;
		};
		1D6058950D05DD3E006BFB54 /* Release */ = {
			isa = XCBuildConfiguration;
			buildSettings = {
				ALWAYS_SEARCH_USER_PATHS = NO;
				COPY_PHASE_STRIP = YES;
				GCC_PRECOMPILE_PREFIX_HEADER = YES;
				GCC_PREFIX_HEADER = mayhos_Prefix.pch;
				INFOPLIST_FILE = "mayhos-Info.plist";
				PRODUCT_NAME = mayhos;
			};
			name = Release;
		};
		C01FCF4F08A954540054247B /* Debug */ = {
			isa = XCBuildConfiguration;
			buildSettings = {
				ARCHS = "$(ARCHS_STANDARD_32_BIT)";
				"CODE_SIGN_IDENTITY[sdk=iphoneos*]" = "iPhone Developer";
				GCC_C_LANGUAGE_STANDARD = c99;
				GCC_WARN_ABOUT_RETURN_TYPE = YES;
				GCC_WARN_UNUSED_VARIABLE = YES;
				HEADER_SEARCH_PATHS = /usr/include/libxml2;
				IPHONEOS_DEPLOYMENT_TARGET = 3.0;
				PREBINDING = NO;
				SDKROOT = iphoneos3.1.2;
			};
			name = Debug;
		};
		C01FCF5008A954540054247B /* Release */ = {
			isa = XCBuildConfiguration;
			buildSettings = {
				ARCHS = "$(ARCHS_STANDARD_32_BIT)";
				"CODE_SIGN_IDENTITY[sdk=iphoneos*]" = "iPhone Developer";
				GCC_C_LANGUAGE_STANDARD = c99;
				GCC_WARN_ABOUT_RETURN_TYPE = YES;
				GCC_WARN_UNUSED_VARIABLE = YES;
				HEADER_SEARCH_PATHS = /usr/include/libxml2;
				IPHONEOS_DEPLOYMENT_TARGET = 3.0;
				PREBINDING = NO;
				SDKROOT = iphoneos3.1.2;
			};
			name = Release;
		};
/* End XCBuildConfiguration section */

/* Begin XCConfigurationList section */
		1D6058960D05DD3E006BFB54 /* Build configuration list for PBXNativeTarget "mayhos" */ = {
			isa = XCConfigurationList;
			buildConfigurations = (
				1D6058940D05DD3E006BFB54 /* Debug */,
				1D6058950D05DD3E006BFB54 /* Release */,
			);
			defaultConfigurationIsVisible = 0;
			defaultConfigurationName = Release;
		};
		C01FCF4E08A954540054247B /* Build configuration list for PBXProject "mayhos" */ = {
			isa = XCConfigurationList;
			buildConfigurations = (
				C01FCF4F08A954540054247B /* Debug */,
				C01FCF5008A954540054247B /* Release */,
			);
			defaultConfigurationIsVisible = 0;
			defaultConfigurationName = Release;
		};
/* End XCConfigurationList section */
	};
	rootObject = 29B97313FDCFA39411CA2CEA /* Project object */;
}
