// !$*UTF8*$!
{
	archiveVersion = 1;
	classes = {
	};
	objectVersion = 45;
	objects = {

/* Begin PBXBuildFile section */
		1D60589F0D05DD5A006BFB54 /* Foundation.framework in Frameworks */ = {isa = PBXBuildFile; fileRef = 1D30AB110D05D00D00671497 /* Foundation.framework */; };
		1DF5F4E00D08C38300B7A737 /* UIKit.framework in Frameworks */ = {isa = PBXBuildFile; fileRef = 1DF5F4DF0D08C38300B7A737 /* UIKit.framework */; };
		288765080DF74369002DB57D /* CoreGraphics.framework in Frameworks */ = {isa = PBXBuildFile; fileRef = 288765070DF74369002DB57D /* CoreGraphics.framework */; };
		4C3AE3C0110294E600BDB09B /* Default.png in Resources */ = {isa = PBXBuildFile; fileRef = 4C3AE3BF110294E600BDB09B /* Default.png */; };
		4C3C5AF310F6B136001AA58B /* libxml2.dylib in Frameworks */ = {isa = PBXBuildFile; fileRef = 4C3C5AF210F6B135001AA58B /* libxml2.dylib */; };
		4C3FED00118F822000AA6F39 /* Constants.m in Sources */ = {isa = PBXBuildFile; fileRef = 4C3FECFD118F822000AA6F39 /* Constants.m */; };
		4C3FED01118F822000AA6F39 /* defaults.plist in Resources */ = {isa = PBXBuildFile; fileRef = 4C3FECFE118F822000AA6F39 /* defaults.plist */; };
		4C3FED02118F822000AA6F39 /* main.m in Sources */ = {isa = PBXBuildFile; fileRef = 4C3FECFF118F822000AA6F39 /* main.m */; };
		4C3FED59118F822A00AA6F39 /* NSDictionary+URLEncoding.m in Sources */ = {isa = PBXBuildFile; fileRef = 4C3FED06118F822A00AA6F39 /* NSDictionary+URLEncoding.m */; };
		4C3FED5A118F822A00AA6F39 /* NSString+TitleView.m in Sources */ = {isa = PBXBuildFile; fileRef = 4C3FED08118F822A00AA6F39 /* NSString+TitleView.m */; };
		4C3FED5B118F822A00AA6F39 /* NSURL+Query.m in Sources */ = {isa = PBXBuildFile; fileRef = 4C3FED0A118F822A00AA6F39 /* NSURL+Query.m */; };
		4C3FED5C118F822A00AA6F39 /* AdvancedSearchController.m in Sources */ = {isa = PBXBuildFile; fileRef = 4C3FED0D118F822A00AA6F39 /* AdvancedSearchController.m */; };
		4C3FED5D118F822A00AA6F39 /* EksiLinkController.m in Sources */ = {isa = PBXBuildFile; fileRef = 4C3FED0F118F822A00AA6F39 /* EksiLinkController.m */; };
		4C3FED5E118F822A00AA6F39 /* EntryController.m in Sources */ = {isa = PBXBuildFile; fileRef = 4C3FED11118F822A00AA6F39 /* EntryController.m */; };
		4C3FED5F118F822A00AA6F39 /* FavoritedController.m in Sources */ = {isa = PBXBuildFile; fileRef = 4C3FED13118F822A00AA6F39 /* FavoritedController.m */; };
		4C3FED60118F822A00AA6F39 /* FavoritesController.m in Sources */ = {isa = PBXBuildFile; fileRef = 4C3FED15118F822A00AA6F39 /* FavoritesController.m */; };
		4C3FED61118F822A00AA6F39 /* mayhosTabBarController.m in Sources */ = {isa = PBXBuildFile; fileRef = 4C3FED17118F822A00AA6F39 /* mayhosTabBarController.m */; };
		4C3FED62118F822A00AA6F39 /* MoreController.m in Sources */ = {isa = PBXBuildFile; fileRef = 4C3FED19118F822A00AA6F39 /* MoreController.m */; };
		4C3FED63118F822A00AA6F39 /* OptionController.m in Sources */ = {isa = PBXBuildFile; fileRef = 4C3FED1B118F822A00AA6F39 /* OptionController.m */; };
		4C3FED64118F822A00AA6F39 /* PagedController.m in Sources */ = {isa = PBXBuildFile; fileRef = 4C3FED1D118F822A00AA6F39 /* PagedController.m */; };
		4C3FED65118F822A00AA6F39 /* RecentsController.m in Sources */ = {isa = PBXBuildFile; fileRef = 4C3FED1F118F822A00AA6F39 /* RecentsController.m */; };
		4C3FED66118F822A00AA6F39 /* RefreshedController.m in Sources */ = {isa = PBXBuildFile; fileRef = 4C3FED21118F822A00AA6F39 /* RefreshedController.m */; };
		4C3FED67118F822A00AA6F39 /* SearchController.m in Sources */ = {isa = PBXBuildFile; fileRef = 4C3FED23118F822A00AA6F39 /* SearchController.m */; };
		4C3FED68118F822A00AA6F39 /* TitleController.m in Sources */ = {isa = PBXBuildFile; fileRef = 4C3FED25118F822A00AA6F39 /* TitleController.m */; };
		4C3FED69118F822A00AA6F39 /* WebController.m in Sources */ = {isa = PBXBuildFile; fileRef = 4C3FED27118F822A00AA6F39 /* WebController.m */; };
		4C3FED6A118F822A00AA6F39 /* entry.html in Resources */ = {isa = PBXBuildFile; fileRef = 4C3FED28118F822A00AA6F39 /* entry.html */; };
		4C3FED6B118F822A00AA6F39 /* API.m in Sources */ = {isa = PBXBuildFile; fileRef = 4C3FED2B118F822A00AA6F39 /* API.m */; };
		4C3FED6C118F822A00AA6F39 /* FavoritesManager.m in Sources */ = {isa = PBXBuildFile; fileRef = 4C3FED2D118F822A00AA6F39 /* FavoritesManager.m */; };
		4C3FED6D118F822A00AA6F39 /* HistoryManager.m in Sources */ = {isa = PBXBuildFile; fileRef = 4C3FED2F118F822A00AA6F39 /* HistoryManager.m */; };
		4C3FED6E118F822A00AA6F39 /* Util.m in Sources */ = {isa = PBXBuildFile; fileRef = 4C3FED31118F822A00AA6F39 /* Util.m */; };
		4C3FED6F118F822A00AA6F39 /* Back.png in Resources */ = {isa = PBXBuildFile; fileRef = 4C3FED33118F822A00AA6F39 /* Back.png */; };
		4C3FED70118F822A00AA6F39 /* Chevron.png in Resources */ = {isa = PBXBuildFile; fileRef = 4C3FED34118F822A00AA6F39 /* Chevron.png */; };
		4C3FED71118F822A00AA6F39 /* ChevronDown-Highlighted.png in Resources */ = {isa = PBXBuildFile; fileRef = 4C3FED35118F822A00AA6F39 /* ChevronDown-Highlighted.png */; };
		4C3FED72118F822A00AA6F39 /* ChevronDown.png in Resources */ = {isa = PBXBuildFile; fileRef = 4C3FED36118F822A00AA6F39 /* ChevronDown.png */; };
		4C3FED73118F822A00AA6F39 /* Down.png in Resources */ = {isa = PBXBuildFile; fileRef = 4C3FED37118F822A00AA6F39 /* Down.png */; };
		4C3FED74118F822A00AA6F39 /* Forward.png in Resources */ = {isa = PBXBuildFile; fileRef = 4C3FED38118F822A00AA6F39 /* Forward.png */; };
		4C3FED75118F822A00AA6F39 /* Search-Highlighted.png in Resources */ = {isa = PBXBuildFile; fileRef = 4C3FED39118F822A00AA6F39 /* Search-Highlighted.png */; };
		4C3FED76118F822A00AA6F39 /* Search.png in Resources */ = {isa = PBXBuildFile; fileRef = 4C3FED3A118F822A00AA6F39 /* Search.png */; };
		4C3FED77118F822A00AA6F39 /* Star-Hollow.png in Resources */ = {isa = PBXBuildFile; fileRef = 4C3FED3B118F822A00AA6F39 /* Star-Hollow.png */; };
		4C3FED78118F822A00AA6F39 /* Star.png in Resources */ = {isa = PBXBuildFile; fileRef = 4C3FED3C118F822A00AA6F39 /* Star.png */; };
		4C3FED79118F822A00AA6F39 /* Up.png in Resources */ = {isa = PBXBuildFile; fileRef = 4C3FED3D118F822A00AA6F39 /* Up.png */; };
		4C3FED7A118F822A00AA6F39 /* MainWindow_Phone.xib in Resources */ = {isa = PBXBuildFile; fileRef = 4C3FED3E118F822A00AA6F39 /* MainWindow_Phone.xib */; };
		4C3FED7B118F822A00AA6F39 /* mayhosAppDelegate_Phone.m in Sources */ = {isa = PBXBuildFile; fileRef = 4C3FED40118F822A00AA6F39 /* mayhosAppDelegate_Phone.m */; };
		4C3FED7C118F822A00AA6F39 /* EksiEntry.m in Sources */ = {isa = PBXBuildFile; fileRef = 4C3FED43118F822A00AA6F39 /* EksiEntry.m */; };
		4C3FED7D118F822A00AA6F39 /* EksiLink.m in Sources */ = {isa = PBXBuildFile; fileRef = 4C3FED45118F822A00AA6F39 /* EksiLink.m */; };
		4C3FED7E118F822A00AA6F39 /* EksiTitle.m in Sources */ = {isa = PBXBuildFile; fileRef = 4C3FED47118F822A00AA6F39 /* EksiTitle.m */; };
		4C3FED7F118F822A00AA6F39 /* EksiParser.m in Sources */ = {isa = PBXBuildFile; fileRef = 4C3FED4A118F822A00AA6F39 /* EksiParser.m */; };
		4C3FED80118F822A00AA6F39 /* LeftFrameParser.m in Sources */ = {isa = PBXBuildFile; fileRef = 4C3FED4C118F822A00AA6F39 /* LeftFrameParser.m */; };
		4C3FED81118F822A00AA6F39 /* RightFrameParser.m in Sources */ = {isa = PBXBuildFile; fileRef = 4C3FED4E118F822A00AA6F39 /* RightFrameParser.m */; };
		4C3FED82118F822A00AA6F39 /* Search.xib in Resources */ = {isa = PBXBuildFile; fileRef = 4C3FED4F118F822A00AA6F39 /* Search.xib */; };
		4C3FED83118F822A00AA6F39 /* DatePickerView.m in Sources */ = {isa = PBXBuildFile; fileRef = 4C3FED52118F822A00AA6F39 /* DatePickerView.m */; };
		4C3FED84118F822A00AA6F39 /* ModalPickerView.m in Sources */ = {isa = PBXBuildFile; fileRef = 4C3FED54118F822A00AA6F39 /* ModalPickerView.m */; };
		4C3FED85118F822A00AA6F39 /* PagePickerView.m in Sources */ = {isa = PBXBuildFile; fileRef = 4C3FED56118F822A00AA6F39 /* PagePickerView.m */; };
		4C3FED86118F822A00AA6F39 /* TitleView.m in Sources */ = {isa = PBXBuildFile; fileRef = 4C3FED58118F822A00AA6F39 /* TitleView.m */; };
		4C61EB1410EA76F3004DE317 /* Icon.png in Resources */ = {isa = PBXBuildFile; fileRef = 4C61EB1210EA76F3004DE317 /* Icon.png */; };
/* End PBXBuildFile section */

/* Begin PBXFileReference section */
		1D30AB110D05D00D00671497 /* Foundation.framework */ = {isa = PBXFileReference; lastKnownFileType = wrapper.framework; name = Foundation.framework; path = System/Library/Frameworks/Foundation.framework; sourceTree = SDKROOT; };
		1D6058910D05DD3D006BFB54 /* mayhos.app */ = {isa = PBXFileReference; explicitFileType = wrapper.application; includeInIndex = 0; path = mayhos.app; sourceTree = BUILT_PRODUCTS_DIR; };
		1DF5F4DF0D08C38300B7A737 /* UIKit.framework */ = {isa = PBXFileReference; lastKnownFileType = wrapper.framework; name = UIKit.framework; path = System/Library/Frameworks/UIKit.framework; sourceTree = SDKROOT; };
		288765070DF74369002DB57D /* CoreGraphics.framework */ = {isa = PBXFileReference; lastKnownFileType = wrapper.framework; name = CoreGraphics.framework; path = System/Library/Frameworks/CoreGraphics.framework; sourceTree = SDKROOT; };
		28A0AB4B0D9B1048005BE974 /* mayhos_Prefix.pch */ = {isa = PBXFileReference; fileEncoding = 4; lastKnownFileType = sourcecode.c.h; name = mayhos_Prefix.pch; path = ../mayhos_Prefix.pch; sourceTree = "<group>"; };
		4C3AE3BF110294E600BDB09B /* Default.png */ = {isa = PBXFileReference; lastKnownFileType = image.png; name = Default.png; path = ../Default.png; sourceTree = "<group>"; };
		4C3C5AF210F6B135001AA58B /* libxml2.dylib */ = {isa = PBXFileReference; lastKnownFileType = "compiled.mach-o.dylib"; name = libxml2.dylib; path = usr/lib/libxml2.dylib; sourceTree = SDKROOT; };
		4C3FECFC118F822000AA6F39 /* Constants.h */ = {isa = PBXFileReference; fileEncoding = 4; lastKnownFileType = sourcecode.c.h; path = Constants.h; sourceTree = "<group>"; };
		4C3FECFD118F822000AA6F39 /* Constants.m */ = {isa = PBXFileReference; fileEncoding = 4; lastKnownFileType = sourcecode.c.objc; path = Constants.m; sourceTree = "<group>"; };
		4C3FECFE118F822000AA6F39 /* defaults.plist */ = {isa = PBXFileReference; fileEncoding = 4; lastKnownFileType = text.plist.xml; path = defaults.plist; sourceTree = "<group>"; };
		4C3FECFF118F822000AA6F39 /* main.m */ = {isa = PBXFileReference; fileEncoding = 4; lastKnownFileType = sourcecode.c.objc; path = main.m; sourceTree = "<group>"; };
		4C3FED05118F822A00AA6F39 /* NSDictionary+URLEncoding.h */ = {isa = PBXFileReference; fileEncoding = 4; lastKnownFileType = sourcecode.c.h; path = "NSDictionary+URLEncoding.h"; sourceTree = "<group>"; };
		4C3FED06118F822A00AA6F39 /* NSDictionary+URLEncoding.m */ = {isa = PBXFileReference; fileEncoding = 4; lastKnownFileType = sourcecode.c.objc; path = "NSDictionary+URLEncoding.m"; sourceTree = "<group>"; };
		4C3FED07118F822A00AA6F39 /* NSString+TitleView.h */ = {isa = PBXFileReference; fileEncoding = 4; lastKnownFileType = sourcecode.c.h; path = "NSString+TitleView.h"; sourceTree = "<group>"; };
		4C3FED08118F822A00AA6F39 /* NSString+TitleView.m */ = {isa = PBXFileReference; fileEncoding = 4; lastKnownFileType = sourcecode.c.objc; path = "NSString+TitleView.m"; sourceTree = "<group>"; };
		4C3FED09118F822A00AA6F39 /* NSURL+Query.h */ = {isa = PBXFileReference; fileEncoding = 4; lastKnownFileType = sourcecode.c.h; path = "NSURL+Query.h"; sourceTree = "<group>"; };
		4C3FED0A118F822A00AA6F39 /* NSURL+Query.m */ = {isa = PBXFileReference; fileEncoding = 4; lastKnownFileType = sourcecode.c.objc; path = "NSURL+Query.m"; sourceTree = "<group>"; };
		4C3FED0C118F822A00AA6F39 /* AdvancedSearchController.h */ = {isa = PBXFileReference; fileEncoding = 4; lastKnownFileType = sourcecode.c.h; path = AdvancedSearchController.h; sourceTree = "<group>"; };
		4C3FED0D118F822A00AA6F39 /* AdvancedSearchController.m */ = {isa = PBXFileReference; fileEncoding = 4; lastKnownFileType = sourcecode.c.objc; path = AdvancedSearchController.m; sourceTree = "<group>"; };
		4C3FED0E118F822A00AA6F39 /* EksiLinkController.h */ = {isa = PBXFileReference; fileEncoding = 4; lastKnownFileType = sourcecode.c.h; path = EksiLinkController.h; sourceTree = "<group>"; };
		4C3FED0F118F822A00AA6F39 /* EksiLinkController.m */ = {isa = PBXFileReference; fileEncoding = 4; lastKnownFileType = sourcecode.c.objc; path = EksiLinkController.m; sourceTree = "<group>"; };
		4C3FED10118F822A00AA6F39 /* EntryController.h */ = {isa = PBXFileReference; fileEncoding = 4; lastKnownFileType = sourcecode.c.h; path = EntryController.h; sourceTree = "<group>"; };
		4C3FED11118F822A00AA6F39 /* EntryController.m */ = {isa = PBXFileReference; fileEncoding = 4; lastKnownFileType = sourcecode.c.objc; path = EntryController.m; sourceTree = "<group>"; };
		4C3FED12118F822A00AA6F39 /* FavoritedController.h */ = {isa = PBXFileReference; fileEncoding = 4; lastKnownFileType = sourcecode.c.h; path = FavoritedController.h; sourceTree = "<group>"; };
		4C3FED13118F822A00AA6F39 /* FavoritedController.m */ = {isa = PBXFileReference; fileEncoding = 4; lastKnownFileType = sourcecode.c.objc; path = FavoritedController.m; sourceTree = "<group>"; };
		4C3FED14118F822A00AA6F39 /* FavoritesController.h */ = {isa = PBXFileReference; fileEncoding = 4; lastKnownFileType = sourcecode.c.h; path = FavoritesController.h; sourceTree = "<group>"; };
		4C3FED15118F822A00AA6F39 /* FavoritesController.m */ = {isa = PBXFileReference; fileEncoding = 4; lastKnownFileType = sourcecode.c.objc; path = FavoritesController.m; sourceTree = "<group>"; };
		4C3FED16118F822A00AA6F39 /* mayhosTabBarController.h */ = {isa = PBXFileReference; fileEncoding = 4; lastKnownFileType = sourcecode.c.h; path = mayhosTabBarController.h; sourceTree = "<group>"; };
		4C3FED17118F822A00AA6F39 /* mayhosTabBarController.m */ = {isa = PBXFileReference; fileEncoding = 4; lastKnownFileType = sourcecode.c.objc; path = mayhosTabBarController.m; sourceTree = "<group>"; };
		4C3FED18118F822A00AA6F39 /* MoreController.h */ = {isa = PBXFileReference; fileEncoding = 4; lastKnownFileType = sourcecode.c.h; path = MoreController.h; sourceTree = "<group>"; };
		4C3FED19118F822A00AA6F39 /* MoreController.m */ = {isa = PBXFileReference; fileEncoding = 4; lastKnownFileType = sourcecode.c.objc; path = MoreController.m; sourceTree = "<group>"; };
		4C3FED1A118F822A00AA6F39 /* OptionController.h */ = {isa = PBXFileReference; fileEncoding = 4; lastKnownFileType = sourcecode.c.h; path = OptionController.h; sourceTree = "<group>"; };
		4C3FED1B118F822A00AA6F39 /* OptionController.m */ = {isa = PBXFileReference; fileEncoding = 4; lastKnownFileType = sourcecode.c.objc; path = OptionController.m; sourceTree = "<group>"; };
		4C3FED1C118F822A00AA6F39 /* PagedController.h */ = {isa = PBXFileReference; fileEncoding = 4; lastKnownFileType = sourcecode.c.h; path = PagedController.h; sourceTree = "<group>"; };
		4C3FED1D118F822A00AA6F39 /* PagedController.m */ = {isa = PBXFileReference; fileEncoding = 4; lastKnownFileType = sourcecode.c.objc; path = PagedController.m; sourceTree = "<group>"; };
		4C3FED1E118F822A00AA6F39 /* RecentsController.h */ = {isa = PBXFileReference; fileEncoding = 4; lastKnownFileType = sourcecode.c.h; path = RecentsController.h; sourceTree = "<group>"; };
		4C3FED1F118F822A00AA6F39 /* RecentsController.m */ = {isa = PBXFileReference; fileEncoding = 4; lastKnownFileType = sourcecode.c.objc; path = RecentsController.m; sourceTree = "<group>"; };
		4C3FED20118F822A00AA6F39 /* RefreshedController.h */ = {isa = PBXFileReference; fileEncoding = 4; lastKnownFileType = sourcecode.c.h; path = RefreshedController.h; sourceTree = "<group>"; };
		4C3FED21118F822A00AA6F39 /* RefreshedController.m */ = {isa = PBXFileReference; fileEncoding = 4; lastKnownFileType = sourcecode.c.objc; path = RefreshedController.m; sourceTree = "<group>"; };
		4C3FED22118F822A00AA6F39 /* SearchController.h */ = {isa = PBXFileReference; fileEncoding = 4; lastKnownFileType = sourcecode.c.h; path = SearchController.h; sourceTree = "<group>"; };
		4C3FED23118F822A00AA6F39 /* SearchController.m */ = {isa = PBXFileReference; fileEncoding = 4; lastKnownFileType = sourcecode.c.objc; path = SearchController.m; sourceTree = "<group>"; };
		4C3FED24118F822A00AA6F39 /* TitleController.h */ = {isa = PBXFileReference; fileEncoding = 4; lastKnownFileType = sourcecode.c.h; path = TitleController.h; sourceTree = "<group>"; };
		4C3FED25118F822A00AA6F39 /* TitleController.m */ = {isa = PBXFileReference; fileEncoding = 4; lastKnownFileType = sourcecode.c.objc; path = TitleController.m; sourceTree = "<group>"; };
		4C3FED26118F822A00AA6F39 /* WebController.h */ = {isa = PBXFileReference; fileEncoding = 4; lastKnownFileType = sourcecode.c.h; path = WebController.h; sourceTree = "<group>"; };
		4C3FED27118F822A00AA6F39 /* WebController.m */ = {isa = PBXFileReference; fileEncoding = 4; lastKnownFileType = sourcecode.c.objc; path = WebController.m; sourceTree = "<group>"; };
		4C3FED28118F822A00AA6F39 /* entry.html */ = {isa = PBXFileReference; fileEncoding = 4; lastKnownFileType = text.html; path = entry.html; sourceTree = "<group>"; };
		4C3FED2A118F822A00AA6F39 /* API.h */ = {isa = PBXFileReference; fileEncoding = 4; lastKnownFileType = sourcecode.c.h; path = API.h; sourceTree = "<group>"; };
		4C3FED2B118F822A00AA6F39 /* API.m */ = {isa = PBXFileReference; fileEncoding = 4; lastKnownFileType = sourcecode.c.objc; path = API.m; sourceTree = "<group>"; };
		4C3FED2C118F822A00AA6F39 /* FavoritesManager.h */ = {isa = PBXFileReference; fileEncoding = 4; lastKnownFileType = sourcecode.c.h; path = FavoritesManager.h; sourceTree = "<group>"; };
		4C3FED2D118F822A00AA6F39 /* FavoritesManager.m */ = {isa = PBXFileReference; fileEncoding = 4; lastKnownFileType = sourcecode.c.objc; path = FavoritesManager.m; sourceTree = "<group>"; };
		4C3FED2E118F822A00AA6F39 /* HistoryManager.h */ = {isa = PBXFileReference; fileEncoding = 4; lastKnownFileType = sourcecode.c.h; path = HistoryManager.h; sourceTree = "<group>"; };
		4C3FED2F118F822A00AA6F39 /* HistoryManager.m */ = {isa = PBXFileReference; fileEncoding = 4; lastKnownFileType = sourcecode.c.objc; path = HistoryManager.m; sourceTree = "<group>"; };
		4C3FED30118F822A00AA6F39 /* Util.h */ = {isa = PBXFileReference; fileEncoding = 4; lastKnownFileType = sourcecode.c.h; path = Util.h; sourceTree = "<group>"; };
		4C3FED31118F822A00AA6F39 /* Util.m */ = {isa = PBXFileReference; fileEncoding = 4; lastKnownFileType = sourcecode.c.objc; path = Util.m; sourceTree = "<group>"; };
		4C3FED33118F822A00AA6F39 /* Back.png */ = {isa = PBXFileReference; lastKnownFileType = image.png; path = Back.png; sourceTree = "<group>"; };
		4C3FED34118F822A00AA6F39 /* Chevron.png */ = {isa = PBXFileReference; lastKnownFileType = image.png; path = Chevron.png; sourceTree = "<group>"; };
		4C3FED35118F822A00AA6F39 /* ChevronDown-Highlighted.png */ = {isa = PBXFileReference; lastKnownFileType = image.png; path = "ChevronDown-Highlighted.png"; sourceTree = "<group>"; };
		4C3FED36118F822A00AA6F39 /* ChevronDown.png */ = {isa = PBXFileReference; lastKnownFileType = image.png; path = ChevronDown.png; sourceTree = "<group>"; };
		4C3FED37118F822A00AA6F39 /* Down.png */ = {isa = PBXFileReference; lastKnownFileType = image.png; path = Down.png; sourceTree = "<group>"; };
		4C3FED38118F822A00AA6F39 /* Forward.png */ = {isa = PBXFileReference; lastKnownFileType = image.png; path = Forward.png; sourceTree = "<group>"; };
		4C3FED39118F822A00AA6F39 /* Search-Highlighted.png */ = {isa = PBXFileReference; lastKnownFileType = image.png; path = "Search-Highlighted.png"; sourceTree = "<group>"; };
		4C3FED3A118F822A00AA6F39 /* Search.png */ = {isa = PBXFileReference; lastKnownFileType = image.png; path = Search.png; sourceTree = "<group>"; };
		4C3FED3B118F822A00AA6F39 /* Star-Hollow.png */ = {isa = PBXFileReference; lastKnownFileType = image.png; path = "Star-Hollow.png"; sourceTree = "<group>"; };
		4C3FED3C118F822A00AA6F39 /* Star.png */ = {isa = PBXFileReference; lastKnownFileType = image.png; path = Star.png; sourceTree = "<group>"; };
		4C3FED3D118F822A00AA6F39 /* Up.png */ = {isa = PBXFileReference; lastKnownFileType = image.png; path = Up.png; sourceTree = "<group>"; };
		4C3FED3E118F822A00AA6F39 /* MainWindow_Phone.xib */ = {isa = PBXFileReference; lastKnownFileType = file.xib; path = MainWindow_Phone.xib; sourceTree = "<group>"; };
		4C3FED3F118F822A00AA6F39 /* mayhosAppDelegate_Phone.h */ = {isa = PBXFileReference; fileEncoding = 4; lastKnownFileType = sourcecode.c.h; path = mayhosAppDelegate_Phone.h; sourceTree = "<group>"; };
		4C3FED40118F822A00AA6F39 /* mayhosAppDelegate_Phone.m */ = {isa = PBXFileReference; fileEncoding = 4; lastKnownFileType = sourcecode.c.objc; path = mayhosAppDelegate_Phone.m; sourceTree = "<group>"; };
		4C3FED42118F822A00AA6F39 /* EksiEntry.h */ = {isa = PBXFileReference; fileEncoding = 4; lastKnownFileType = sourcecode.c.h; path = EksiEntry.h; sourceTree = "<group>"; };
		4C3FED43118F822A00AA6F39 /* EksiEntry.m */ = {isa = PBXFileReference; fileEncoding = 4; lastKnownFileType = sourcecode.c.objc; path = EksiEntry.m; sourceTree = "<group>"; };
		4C3FED44118F822A00AA6F39 /* EksiLink.h */ = {isa = PBXFileReference; fileEncoding = 4; lastKnownFileType = sourcecode.c.h; path = EksiLink.h; sourceTree = "<group>"; };
		4C3FED45118F822A00AA6F39 /* EksiLink.m */ = {isa = PBXFileReference; fileEncoding = 4; lastKnownFileType = sourcecode.c.objc; path = EksiLink.m; sourceTree = "<group>"; };
		4C3FED46118F822A00AA6F39 /* EksiTitle.h */ = {isa = PBXFileReference; fileEncoding = 4; lastKnownFileType = sourcecode.c.h; path = EksiTitle.h; sourceTree = "<group>"; };
		4C3FED47118F822A00AA6F39 /* EksiTitle.m */ = {isa = PBXFileReference; fileEncoding = 4; lastKnownFileType = sourcecode.c.objc; path = EksiTitle.m; sourceTree = "<group>"; };
		4C3FED49118F822A00AA6F39 /* EksiParser.h */ = {isa = PBXFileReference; fileEncoding = 4; lastKnownFileType = sourcecode.c.h; path = EksiParser.h; sourceTree = "<group>"; };
		4C3FED4A118F822A00AA6F39 /* EksiParser.m */ = {isa = PBXFileReference; fileEncoding = 4; lastKnownFileType = sourcecode.c.objc; path = EksiParser.m; sourceTree = "<group>"; };
		4C3FED4B118F822A00AA6F39 /* LeftFrameParser.h */ = {isa = PBXFileReference; fileEncoding = 4; lastKnownFileType = sourcecode.c.h; path = LeftFrameParser.h; sourceTree = "<group>"; };
		4C3FED4C118F822A00AA6F39 /* LeftFrameParser.m */ = {isa = PBXFileReference; fileEncoding = 4; lastKnownFileType = sourcecode.c.objc; path = LeftFrameParser.m; sourceTree = "<group>"; };
		4C3FED4D118F822A00AA6F39 /* RightFrameParser.h */ = {isa = PBXFileReference; fileEncoding = 4; lastKnownFileType = sourcecode.c.h; path = RightFrameParser.h; sourceTree = "<group>"; };
		4C3FED4E118F822A00AA6F39 /* RightFrameParser.m */ = {isa = PBXFileReference; fileEncoding = 4; lastKnownFileType = sourcecode.c.objc; path = RightFrameParser.m; sourceTree = "<group>"; };
		4C3FED4F118F822A00AA6F39 /* Search.xib */ = {isa = PBXFileReference; lastKnownFileType = file.xib; path = Search.xib; sourceTree = "<group>"; };
		4C3FED51118F822A00AA6F39 /* DatePickerView.h */ = {isa = PBXFileReference; fileEncoding = 4; lastKnownFileType = sourcecode.c.h; path = DatePickerView.h; sourceTree = "<group>"; };
		4C3FED52118F822A00AA6F39 /* DatePickerView.m */ = {isa = PBXFileReference; fileEncoding = 4; lastKnownFileType = sourcecode.c.objc; path = DatePickerView.m; sourceTree = "<group>"; };
		4C3FED53118F822A00AA6F39 /* ModalPickerView.h */ = {isa = PBXFileReference; fileEncoding = 4; lastKnownFileType = sourcecode.c.h; path = ModalPickerView.h; sourceTree = "<group>"; };
		4C3FED54118F822A00AA6F39 /* ModalPickerView.m */ = {isa = PBXFileReference; fileEncoding = 4; lastKnownFileType = sourcecode.c.objc; path = ModalPickerView.m; sourceTree = "<group>"; };
		4C3FED55118F822A00AA6F39 /* PagePickerView.h */ = {isa = PBXFileReference; fileEncoding = 4; lastKnownFileType = sourcecode.c.h; path = PagePickerView.h; sourceTree = "<group>"; };
		4C3FED56118F822A00AA6F39 /* PagePickerView.m */ = {isa = PBXFileReference; fileEncoding = 4; lastKnownFileType = sourcecode.c.objc; path = PagePickerView.m; sourceTree = "<group>"; };
		4C3FED57118F822A00AA6F39 /* TitleView.h */ = {isa = PBXFileReference; fileEncoding = 4; lastKnownFileType = sourcecode.c.h; path = TitleView.h; sourceTree = "<group>"; };
		4C3FED58118F822A00AA6F39 /* TitleView.m */ = {isa = PBXFileReference; fileEncoding = 4; lastKnownFileType = sourcecode.c.objc; path = TitleView.m; sourceTree = "<group>"; };
		4C61EB1210EA76F3004DE317 /* Icon.png */ = {isa = PBXFileReference; lastKnownFileType = image.png; name = Icon.png; path = ../Icon.png; sourceTree = "<group>"; };
		8D1107310486CEB800E47090 /* mayhos-Info.plist */ = {isa = PBXFileReference; fileEncoding = 4; lastKnownFileType = text.plist.xml; name = "mayhos-Info.plist"; path = "../mayhos-Info.plist"; plistStructureDefinitionIdentifier = "com.apple.xcode.plist.structure-definition.iphone.info-plist"; sourceTree = "<group>"; };
/* End PBXFileReference section */

/* Begin PBXFrameworksBuildPhase section */
		1D60588F0D05DD3D006BFB54 /* Frameworks */ = {
			isa = PBXFrameworksBuildPhase;
			buildActionMask = 2147483647;
			files = (
				1D60589F0D05DD5A006BFB54 /* Foundation.framework in Frameworks */,
				1DF5F4E00D08C38300B7A737 /* UIKit.framework in Frameworks */,
				288765080DF74369002DB57D /* CoreGraphics.framework in Frameworks */,
				4C3C5AF310F6B136001AA58B /* libxml2.dylib in Frameworks */,
			);
			runOnlyForDeploymentPostprocessing = 0;
		};
/* End PBXFrameworksBuildPhase section */

/* Begin PBXGroup section */
		19C28FACFE9D520D11CA2CBB /* Products */ = {
			isa = PBXGroup;
			children = (
				1D6058910D05DD3D006BFB54 /* mayhos.app */,
			);
			name = Products;
			sourceTree = "<group>";
		};
		29B97314FDCFA39411CA2CEA /* mayhos */ = {
			isa = PBXGroup;
			children = (
				4C3FED87118F823200AA6F39 /* iPad */,
				4C3FED03118F822A00AA6F39 /* iPhone */,
				4C3FECFB118F822000AA6F39 /* Shared */,
				29B97323FDCFA39411CA2CEA /* Frameworks */,
				19C28FACFE9D520D11CA2CBB /* Products */,
				4C3C5AF210F6B135001AA58B /* libxml2.dylib */,
			);
			name = mayhos;
			sourceTree = "<group>";
		};
		29B97323FDCFA39411CA2CEA /* Frameworks */ = {
			isa = PBXGroup;
			children = (
				1DF5F4DF0D08C38300B7A737 /* UIKit.framework */,
				1D30AB110D05D00D00671497 /* Foundation.framework */,
				288765070DF74369002DB57D /* CoreGraphics.framework */,
			);
			name = Frameworks;
			sourceTree = "<group>";
		};
		4C3FECFB118F822000AA6F39 /* Shared */ = {
			isa = PBXGroup;
			children = (
				4C3FECFC118F822000AA6F39 /* Constants.h */,
				4C3FECFD118F822000AA6F39 /* Constants.m */,
				4C3FECFE118F822000AA6F39 /* defaults.plist */,
				4C3FECFF118F822000AA6F39 /* main.m */,
				8D1107310486CEB800E47090 /* mayhos-Info.plist */,
				28A0AB4B0D9B1048005BE974 /* mayhos_Prefix.pch */,
			);
			path = Shared;
			sourceTree = "<group>";
		};
		4C3FED03118F822A00AA6F39 /* iPhone */ = {
			isa = PBXGroup;
			children = (
				4C3FED04118F822A00AA6F39 /* Additions */,
				4C3FED0B118F822A00AA6F39 /* Controllers */,
				4C3FED29118F822A00AA6F39 /* Helpers */,
				4C3FED32118F822A00AA6F39 /* Images */,
				4C3FED41118F822A00AA6F39 /* Models */,
				4C3FED48118F822A00AA6F39 /* Parsers */,
				4C3FED50118F822A00AA6F39 /* Views */,
				4C3AE3BF110294E600BDB09B /* Default.png */,
				4C3FED28118F822A00AA6F39 /* entry.html */,
				4C61EB1210EA76F3004DE317 /* Icon.png */,
				4C3FED3E118F822A00AA6F39 /* MainWindow_Phone.xib */,
				4C3FED3F118F822A00AA6F39 /* mayhosAppDelegate_Phone.h */,
				4C3FED40118F822A00AA6F39 /* mayhosAppDelegate_Phone.m */,
				4C3FED4F118F822A00AA6F39 /* Search.xib */,
			);
			path = iPhone;
			sourceTree = "<group>";
		};
		4C3FED04118F822A00AA6F39 /* Additions */ = {
			isa = PBXGroup;
			children = (
				4C3FED05118F822A00AA6F39 /* NSDictionary+URLEncoding.h */,
				4C3FED06118F822A00AA6F39 /* NSDictionary+URLEncoding.m */,
				4C3FED07118F822A00AA6F39 /* NSString+TitleView.h */,
				4C3FED08118F822A00AA6F39 /* NSString+TitleView.m */,
				4C3FED09118F822A00AA6F39 /* NSURL+Query.h */,
				4C3FED0A118F822A00AA6F39 /* NSURL+Query.m */,
			);
			path = Additions;
			sourceTree = "<group>";
		};
		4C3FED0B118F822A00AA6F39 /* Controllers */ = {
			isa = PBXGroup;
			children = (
				4C3FED0C118F822A00AA6F39 /* AdvancedSearchController.h */,
				4C3FED0D118F822A00AA6F39 /* AdvancedSearchController.m */,
				4C3FED0E118F822A00AA6F39 /* EksiLinkController.h */,
				4C3FED0F118F822A00AA6F39 /* EksiLinkController.m */,
				4C3FED10118F822A00AA6F39 /* EntryController.h */,
				4C3FED11118F822A00AA6F39 /* EntryController.m */,
				4C3FED12118F822A00AA6F39 /* FavoritedController.h */,
				4C3FED13118F822A00AA6F39 /* FavoritedController.m */,
				4C3FED14118F822A00AA6F39 /* FavoritesController.h */,
				4C3FED15118F822A00AA6F39 /* FavoritesController.m */,
				4C3FED16118F822A00AA6F39 /* mayhosTabBarController.h */,
				4C3FED17118F822A00AA6F39 /* mayhosTabBarController.m */,
				4C3FED18118F822A00AA6F39 /* MoreController.h */,
				4C3FED19118F822A00AA6F39 /* MoreController.m */,
				4C3FED1A118F822A00AA6F39 /* OptionController.h */,
				4C3FED1B118F822A00AA6F39 /* OptionController.m */,
				4C3FED1C118F822A00AA6F39 /* PagedController.h */,
				4C3FED1D118F822A00AA6F39 /* PagedController.m */,
				4C3FED1E118F822A00AA6F39 /* RecentsController.h */,
				4C3FED1F118F822A00AA6F39 /* RecentsController.m */,
				4C3FED20118F822A00AA6F39 /* RefreshedController.h */,
				4C3FED21118F822A00AA6F39 /* RefreshedController.m */,
				4C3FED22118F822A00AA6F39 /* SearchController.h */,
				4C3FED23118F822A00AA6F39 /* SearchController.m */,
				4C3FED24118F822A00AA6F39 /* TitleController.h */,
				4C3FED25118F822A00AA6F39 /* TitleController.m */,
				4C3FED26118F822A00AA6F39 /* WebController.h */,
				4C3FED27118F822A00AA6F39 /* WebController.m */,
			);
			path = Controllers;
			sourceTree = "<group>";
		};
		4C3FED29118F822A00AA6F39 /* Helpers */ = {
			isa = PBXGroup;
			children = (
				4C3FED2A118F822A00AA6F39 /* API.h */,
				4C3FED2B118F822A00AA6F39 /* API.m */,
				4C3FED2C118F822A00AA6F39 /* FavoritesManager.h */,
				4C3FED2D118F822A00AA6F39 /* FavoritesManager.m */,
				4C3FED2E118F822A00AA6F39 /* HistoryManager.h */,
				4C3FED2F118F822A00AA6F39 /* HistoryManager.m */,
				4C3FED30118F822A00AA6F39 /* Util.h */,
				4C3FED31118F822A00AA6F39 /* Util.m */,
			);
			path = Helpers;
			sourceTree = "<group>";
		};
		4C3FED32118F822A00AA6F39 /* Images */ = {
			isa = PBXGroup;
			children = (
				4C3FED33118F822A00AA6F39 /* Back.png */,
				4C3FED34118F822A00AA6F39 /* Chevron.png */,
				4C3FED35118F822A00AA6F39 /* ChevronDown-Highlighted.png */,
				4C3FED36118F822A00AA6F39 /* ChevronDown.png */,
				4C3FED37118F822A00AA6F39 /* Down.png */,
				4C3FED38118F822A00AA6F39 /* Forward.png */,
				4C3FED39118F822A00AA6F39 /* Search-Highlighted.png */,
				4C3FED3A118F822A00AA6F39 /* Search.png */,
				4C3FED3B118F822A00AA6F39 /* Star-Hollow.png */,
				4C3FED3C118F822A00AA6F39 /* Star.png */,
				4C3FED3D118F822A00AA6F39 /* Up.png */,
			);
			path = Images;
			sourceTree = "<group>";
		};
		4C3FED41118F822A00AA6F39 /* Models */ = {
			isa = PBXGroup;
			children = (
				4C3FED42118F822A00AA6F39 /* EksiEntry.h */,
				4C3FED43118F822A00AA6F39 /* EksiEntry.m */,
				4C3FED44118F822A00AA6F39 /* EksiLink.h */,
				4C3FED45118F822A00AA6F39 /* EksiLink.m */,
				4C3FED46118F822A00AA6F39 /* EksiTitle.h */,
				4C3FED47118F822A00AA6F39 /* EksiTitle.m */,
			);
			path = Models;
			sourceTree = "<group>";
		};
		4C3FED48118F822A00AA6F39 /* Parsers */ = {
			isa = PBXGroup;
			children = (
				4C3FED49118F822A00AA6F39 /* EksiParser.h */,
				4C3FED4A118F822A00AA6F39 /* EksiParser.m */,
				4C3FED4B118F822A00AA6F39 /* LeftFrameParser.h */,
				4C3FED4C118F822A00AA6F39 /* LeftFrameParser.m */,
				4C3FED4D118F822A00AA6F39 /* RightFrameParser.h */,
				4C3FED4E118F822A00AA6F39 /* RightFrameParser.m */,
			);
			path = Parsers;
			sourceTree = "<group>";
		};
		4C3FED50118F822A00AA6F39 /* Views */ = {
			isa = PBXGroup;
			children = (
				4C3FED51118F822A00AA6F39 /* DatePickerView.h */,
				4C3FED52118F822A00AA6F39 /* DatePickerView.m */,
				4C3FED53118F822A00AA6F39 /* ModalPickerView.h */,
				4C3FED54118F822A00AA6F39 /* ModalPickerView.m */,
				4C3FED55118F822A00AA6F39 /* PagePickerView.h */,
				4C3FED56118F822A00AA6F39 /* PagePickerView.m */,
				4C3FED57118F822A00AA6F39 /* TitleView.h */,
				4C3FED58118F822A00AA6F39 /* TitleView.m */,
			);
			path = Views;
			sourceTree = "<group>";
		};
		4C3FED87118F823200AA6F39 /* iPad */ = {
			isa = PBXGroup;
			children = (
			);
			path = iPad;
			sourceTree = "<group>";
		};
/* End PBXGroup section */

/* Begin PBXNativeTarget section */
		1D6058900D05DD3D006BFB54 /* mayhos */ = {
			isa = PBXNativeTarget;
			buildConfigurationList = 1D6058960D05DD3E006BFB54 /* Build configuration list for PBXNativeTarget "mayhos" */;
			buildPhases = (
				1D60588D0D05DD3D006BFB54 /* Resources */,
				1D60588E0D05DD3D006BFB54 /* Sources */,
				1D60588F0D05DD3D006BFB54 /* Frameworks */,
			);
			buildRules = (
			);
			dependencies = (
			);
			name = mayhos;
			productName = mayhos;
			productReference = 1D6058910D05DD3D006BFB54 /* mayhos.app */;
			productType = "com.apple.product-type.application";
		};
/* End PBXNativeTarget section */

/* Begin PBXProject section */
		29B97313FDCFA39411CA2CEA /* Project object */ = {
			isa = PBXProject;
			buildConfigurationList = C01FCF4E08A954540054247B /* Build configuration list for PBXProject "mayhos" */;
			compatibilityVersion = "Xcode 3.1";
			hasScannedForEncodings = 1;
			mainGroup = 29B97314FDCFA39411CA2CEA /* mayhos */;
			projectDirPath = "";
			projectRoot = "";
			targets = (
				1D6058900D05DD3D006BFB54 /* mayhos */,
			);
		};
/* End PBXProject section */

/* Begin PBXResourcesBuildPhase section */
		1D60588D0D05DD3D006BFB54 /* Resources */ = {
			isa = PBXResourcesBuildPhase;
			buildActionMask = 2147483647;
			files = (
				4C61EB1410EA76F3004DE317 /* Icon.png in Resources */,
				4C3AE3C0110294E600BDB09B /* Default.png in Resources */,
				4C3FED01118F822000AA6F39 /* defaults.plist in Resources */,
				4C3FED6A118F822A00AA6F39 /* entry.html in Resources */,
				4C3FED6F118F822A00AA6F39 /* Back.png in Resources */,
				4C3FED70118F822A00AA6F39 /* Chevron.png in Resources */,
				4C3FED71118F822A00AA6F39 /* ChevronDown-Highlighted.png in Resources */,
				4C3FED72118F822A00AA6F39 /* ChevronDown.png in Resources */,
				4C3FED73118F822A00AA6F39 /* Down.png in Resources */,
				4C3FED74118F822A00AA6F39 /* Forward.png in Resources */,
				4C3FED75118F822A00AA6F39 /* Search-Highlighted.png in Resources */,
				4C3FED76118F822A00AA6F39 /* Search.png in Resources */,
				4C3FED77118F822A00AA6F39 /* Star-Hollow.png in Resources */,
				4C3FED78118F822A00AA6F39 /* Star.png in Resources */,
				4C3FED79118F822A00AA6F39 /* Up.png in Resources */,
				4C3FED7A118F822A00AA6F39 /* MainWindow_Phone.xib in Resources */,
				4C3FED82118F822A00AA6F39 /* Search.xib in Resources */,
			);
			runOnlyForDeploymentPostprocessing = 0;
		};
/* End PBXResourcesBuildPhase section */

/* Begin PBXSourcesBuildPhase section */
		1D60588E0D05DD3D006BFB54 /* Sources */ = {
			isa = PBXSourcesBuildPhase;
			buildActionMask = 2147483647;
			files = (
				4C3FED00118F822000AA6F39 /* Constants.m in Sources */,
				4C3FED02118F822000AA6F39 /* main.m in Sources */,
				4C3FED59118F822A00AA6F39 /* NSDictionary+URLEncoding.m in Sources */,
				4C3FED5A118F822A00AA6F39 /* NSString+TitleView.m in Sources */,
				4C3FED5B118F822A00AA6F39 /* NSURL+Query.m in Sources */,
				4C3FED5C118F822A00AA6F39 /* AdvancedSearchController.m in Sources */,
				4C3FED5D118F822A00AA6F39 /* EksiLinkController.m in Sources */,
				4C3FED5E118F822A00AA6F39 /* EntryController.m in Sources */,
				4C3FED5F118F822A00AA6F39 /* FavoritedController.m in Sources */,
				4C3FED60118F822A00AA6F39 /* FavoritesController.m in Sources */,
				4C3FED61118F822A00AA6F39 /* mayhosTabBarController.m in Sources */,
				4C3FED62118F822A00AA6F39 /* MoreController.m in Sources */,
				4C3FED63118F822A00AA6F39 /* OptionController.m in Sources */,
				4C3FED64118F822A00AA6F39 /* PagedController.m in Sources */,
				4C3FED65118F822A00AA6F39 /* RecentsController.m in Sources */,
				4C3FED66118F822A00AA6F39 /* RefreshedController.m in Sources */,
				4C3FED67118F822A00AA6F39 /* SearchController.m in Sources */,
				4C3FED68118F822A00AA6F39 /* TitleController.m in Sources */,
				4C3FED69118F822A00AA6F39 /* WebController.m in Sources */,
				4C3FED6B118F822A00AA6F39 /* API.m in Sources */,
				4C3FED6C118F822A00AA6F39 /* FavoritesManager.m in Sources */,
				4C3FED6D118F822A00AA6F39 /* HistoryManager.m in Sources */,
				4C3FED6E118F822A00AA6F39 /* Util.m in Sources */,
				4C3FED7B118F822A00AA6F39 /* mayhosAppDelegate_Phone.m in Sources */,
				4C3FED7C118F822A00AA6F39 /* EksiEntry.m in Sources */,
				4C3FED7D118F822A00AA6F39 /* EksiLink.m in Sources */,
				4C3FED7E118F822A00AA6F39 /* EksiTitle.m in Sources */,
				4C3FED7F118F822A00AA6F39 /* EksiParser.m in Sources */,
				4C3FED80118F822A00AA6F39 /* LeftFrameParser.m in Sources */,
				4C3FED81118F822A00AA6F39 /* RightFrameParser.m in Sources */,
				4C3FED83118F822A00AA6F39 /* DatePickerView.m in Sources */,
				4C3FED84118F822A00AA6F39 /* ModalPickerView.m in Sources */,
				4C3FED85118F822A00AA6F39 /* PagePickerView.m in Sources */,
				4C3FED86118F822A00AA6F39 /* TitleView.m in Sources */,
			);
			runOnlyForDeploymentPostprocessing = 0;
		};
/* End PBXSourcesBuildPhase section */

/* Begin XCBuildConfiguration section */
		1D6058940D05DD3E006BFB54 /* Debug */ = {
			isa = XCBuildConfiguration;
			buildSettings = {
				ALWAYS_SEARCH_USER_PATHS = NO;
				COPY_PHASE_STRIP = NO;
				GCC_DYNAMIC_NO_PIC = NO;
				GCC_OPTIMIZATION_LEVEL = 0;
				GCC_PRECOMPILE_PREFIX_HEADER = YES;
				GCC_PREFIX_HEADER = mayhos_Prefix.pch;
				INFOPLIST_FILE = "mayhos-Info.plist";
				PRODUCT_NAME = mayhos;
			};
			name = Debug;
		};
		1D6058950D05DD3E006BFB54 /* Release */ = {
			isa = XCBuildConfiguration;
			buildSettings = {
				ALWAYS_SEARCH_USER_PATHS = NO;
				COPY_PHASE_STRIP = YES;
				GCC_PRECOMPILE_PREFIX_HEADER = YES;
				GCC_PREFIX_HEADER = mayhos_Prefix.pch;
				INFOPLIST_FILE = "mayhos-Info.plist";
				PRODUCT_NAME = mayhos;
			};
			name = Release;
		};
		4CAF79C9117696BA00E3C170 /* Distribution */ = {
			isa = XCBuildConfiguration;
			buildSettings = {
				ARCHS = "$(ARCHS_STANDARD_32_BIT)";
				"CODE_SIGN_IDENTITY[sdk=iphoneos*]" = "iPhone Distribution";
				GCC_C_LANGUAGE_STANDARD = c99;
				GCC_WARN_ABOUT_RETURN_TYPE = YES;
				GCC_WARN_UNUSED_VARIABLE = YES;
				HEADER_SEARCH_PATHS = /usr/include/libxml2;
				PREBINDING = NO;
				"PROVISIONING_PROFILE[sdk=iphoneos*]" = "";
				SDKROOT = iphoneos3.0;
			};
			name = Distribution;
		};
		4CAF79CA117696BA00E3C170 /* Distribution */ = {
			isa = XCBuildConfiguration;
			buildSettings = {
				ALWAYS_SEARCH_USER_PATHS = NO;
				COPY_PHASE_STRIP = YES;
				GCC_PRECOMPILE_PREFIX_HEADER = YES;
				GCC_PREFIX_HEADER = mayhos_Prefix.pch;
				INFOPLIST_FILE = "mayhos-Info.plist";
				PRODUCT_NAME = mayhos;
				VALIDATE_PRODUCT = YES;
			};
			name = Distribution;
		};
		C01FCF4F08A954540054247B /* Debug */ = {
			isa = XCBuildConfiguration;
			buildSettings = {
				ARCHS = "$(ARCHS_STANDARD_32_BIT)";
				"CODE_SIGN_IDENTITY[sdk=iphoneos*]" = "iPhone Developer";
				GCC_C_LANGUAGE_STANDARD = c99;
				GCC_WARN_ABOUT_RETURN_TYPE = YES;
				GCC_WARN_UNUSED_VARIABLE = YES;
				HEADER_SEARCH_PATHS = /usr/include/libxml2;
				PREBINDING = NO;
				SDKROOT = iphoneos3.0;
			};
			name = Debug;
		};
		C01FCF5008A954540054247B /* Release */ = {
			isa = XCBuildConfiguration;
			buildSettings = {
				ARCHS = "$(ARCHS_STANDARD_32_BIT)";
				"CODE_SIGN_IDENTITY[sdk=iphoneos*]" = "iPhone Developer";
				GCC_C_LANGUAGE_STANDARD = c99;
				GCC_WARN_ABOUT_RETURN_TYPE = YES;
				GCC_WARN_UNUSED_VARIABLE = YES;
				HEADER_SEARCH_PATHS = /usr/include/libxml2;
				PREBINDING = NO;
				SDKROOT = iphoneos3.0;
			};
			name = Release;
		};
/* End XCBuildConfiguration section */

/* Begin XCConfigurationList section */
		1D6058960D05DD3E006BFB54 /* Build configuration list for PBXNativeTarget "mayhos" */ = {
			isa = XCConfigurationList;
			buildConfigurations = (
				1D6058940D05DD3E006BFB54 /* Debug */,
				1D6058950D05DD3E006BFB54 /* Release */,
				4CAF79CA117696BA00E3C170 /* Distribution */,
			);
			defaultConfigurationIsVisible = 0;
			defaultConfigurationName = Release;
		};
		C01FCF4E08A954540054247B /* Build configuration list for PBXProject "mayhos" */ = {
			isa = XCConfigurationList;
			buildConfigurations = (
				C01FCF4F08A954540054247B /* Debug */,
				C01FCF5008A954540054247B /* Release */,
				4CAF79C9117696BA00E3C170 /* Distribution */,
			);
			defaultConfigurationIsVisible = 0;
			defaultConfigurationName = Release;
		};
/* End XCConfigurationList section */
	};
	rootObject = 29B97313FDCFA39411CA2CEA /* Project object */;
}
