// !$*UTF8*$!
{
	archiveVersion = 1;
	classes = {
	};
	objectVersion = 45;
	objects = {

/* Begin PBXBuildFile section */
		1D3623260D0F684500981E51 /* EksiSozlukAppDelegate.m in Sources */ = {isa = PBXBuildFile; fileRef = 1D3623250D0F684500981E51 /* EksiSozlukAppDelegate.m */; };
		1D60589B0D05DD56006BFB54 /* main.m in Sources */ = {isa = PBXBuildFile; fileRef = 29B97316FDCFA39411CA2CEA /* main.m */; };
		28AD73880D9D96C1002E5188 /* MainWindow.xib in Resources */ = {isa = PBXBuildFile; fileRef = 28AD73870D9D96C1002E5188 /* MainWindow.xib */; };
		4C02F10A0E76BA57004B38C1 /* RecentsController.m in Sources */ = {isa = PBXBuildFile; fileRef = 4C02F1090E76BA57004B38C1 /* RecentsController.m */; };
		4C02F10D0E76BA63004B38C1 /* SearchController.m in Sources */ = {isa = PBXBuildFile; fileRef = 4C02F10C0E76BA63004B38C1 /* SearchController.m */; };
		4C02F10F0E76BA89004B38C1 /* Recents.xib in Resources */ = {isa = PBXBuildFile; fileRef = 4C02F10E0E76BA89004B38C1 /* Recents.xib */; };
		4C02F1240E76BD3C004B38C1 /* Search.xib in Resources */ = {isa = PBXBuildFile; fileRef = 4C02F1230E76BD3C004B38C1 /* Search.xib */; };
		4C02F1440E76D455004B38C1 /* Icon.png in Resources */ = {isa = PBXBuildFile; fileRef = 4C02F1430E76D455004B38C1 /* Icon.png */; };
		4C05F87F0F7EC1D60077DB6D /* EksiTitleHeaderView.m in Sources */ = {isa = PBXBuildFile; fileRef = 4C05F87E0F7EC1D60077DB6D /* EksiTitleHeaderView.m */; };
		4C05FAA70F7EE21A0077DB6D /* EksiEntryCell.m in Sources */ = {isa = PBXBuildFile; fileRef = 4C05FAA60F7EE21A0077DB6D /* EksiEntryCell.m */; };
		4C2A2CC10E8A446C00E559DA /* TitleController.m in Sources */ = {isa = PBXBuildFile; fileRef = 4C2A2CC00E8A446C00E559DA /* TitleController.m */; };
		4C54C4C70F19728E00488AE8 /* Entitlements.plist in Resources */ = {isa = PBXBuildFile; fileRef = 4C54C4C60F19728E00488AE8 /* Entitlements.plist */; };
		4C54C5C90F197CE600488AE8 /* CoreGraphics.framework in Frameworks */ = {isa = PBXBuildFile; fileRef = 4C54C5C80F197CE600488AE8 /* CoreGraphics.framework */; };
		4C6DFBDC0F16D7A70051A86B /* Default.png in Resources */ = {isa = PBXBuildFile; fileRef = 4C6DFBDB0F16D7A70051A86B /* Default.png */; };
		4C81B03D0E90F37800E76220 /* Foundation.framework in Frameworks */ = {isa = PBXBuildFile; fileRef = 4C81B03C0E90F37800E76220 /* Foundation.framework */; };
		4C81B0410E90F37F00E76220 /* UIKit.framework in Frameworks */ = {isa = PBXBuildFile; fileRef = 4C81B0400E90F37F00E76220 /* UIKit.framework */; };
		4C81B0580E90F47400E76220 /* EksiEntry.m in Sources */ = {isa = PBXBuildFile; fileRef = 4C81B0570E90F47400E76220 /* EksiEntry.m */; };
		4C81B1DB0E91350300E76220 /* EksiTitle.m in Sources */ = {isa = PBXBuildFile; fileRef = 4C81B1DA0E91350300E76220 /* EksiTitle.m */; };
		4CA6DFD70F9B6A070026304B /* EntryController.m in Sources */ = {isa = PBXBuildFile; fileRef = 4CA6DFD60F9B6A070026304B /* EntryController.m */; };
		4CA6E0240F9B6D4D0026304B /* AuthorView.m in Sources */ = {isa = PBXBuildFile; fileRef = 4CA6E0230F9B6D4D0026304B /* AuthorView.m */; };
		4CA6E0B50F9B7AFF0026304B /* GradientView.m in Sources */ = {isa = PBXBuildFile; fileRef = 4CA6E0B40F9B7AFF0026304B /* GradientView.m */; };
		4CC683640E8F845400737EB8 /* EksiLinkController.m in Sources */ = {isa = PBXBuildFile; fileRef = 4CC683630E8F845400737EB8 /* EksiLinkController.m */; };
/* End PBXBuildFile section */

/* Begin PBXFileReference section */
		1D3623240D0F684500981E51 /* EksiSozlukAppDelegate.h */ = {isa = PBXFileReference; fileEncoding = 4; lastKnownFileType = sourcecode.c.h; path = EksiSozlukAppDelegate.h; sourceTree = "<group>"; };
		1D3623250D0F684500981E51 /* EksiSozlukAppDelegate.m */ = {isa = PBXFileReference; fileEncoding = 4; lastKnownFileType = sourcecode.c.objc; path = EksiSozlukAppDelegate.m; sourceTree = "<group>"; };
		1D6058910D05DD3D006BFB54 /* EksiSozluk.app */ = {isa = PBXFileReference; explicitFileType = wrapper.application; includeInIndex = 0; path = EksiSozluk.app; sourceTree = BUILT_PRODUCTS_DIR; };
		28A0AB4B0D9B1048005BE974 /* EksiSozluk_Prefix.pch */ = {isa = PBXFileReference; fileEncoding = 4; lastKnownFileType = sourcecode.c.h; path = EksiSozluk_Prefix.pch; sourceTree = "<group>"; };
		28AD73870D9D96C1002E5188 /* MainWindow.xib */ = {isa = PBXFileReference; lastKnownFileType = file.xib; path = MainWindow.xib; sourceTree = "<group>"; };
		29B97316FDCFA39411CA2CEA /* main.m */ = {isa = PBXFileReference; fileEncoding = 4; lastKnownFileType = sourcecode.c.objc; path = main.m; sourceTree = "<group>"; };
		4C02F1080E76BA57004B38C1 /* RecentsController.h */ = {isa = PBXFileReference; fileEncoding = 4; lastKnownFileType = sourcecode.c.h; name = RecentsController.h; path = Classes/RecentsController.h; sourceTree = "<group>"; };
		4C02F1090E76BA57004B38C1 /* RecentsController.m */ = {isa = PBXFileReference; fileEncoding = 4; lastKnownFileType = sourcecode.c.objc; name = RecentsController.m; path = Classes/RecentsController.m; sourceTree = "<group>"; };
		4C02F10B0E76BA63004B38C1 /* SearchController.h */ = {isa = PBXFileReference; fileEncoding = 4; lastKnownFileType = sourcecode.c.h; name = SearchController.h; path = Classes/SearchController.h; sourceTree = "<group>"; };
		4C02F10C0E76BA63004B38C1 /* SearchController.m */ = {isa = PBXFileReference; fileEncoding = 4; lastKnownFileType = sourcecode.c.objc; name = SearchController.m; path = Classes/SearchController.m; sourceTree = "<group>"; };
		4C02F10E0E76BA89004B38C1 /* Recents.xib */ = {isa = PBXFileReference; lastKnownFileType = file.xib; path = Recents.xib; sourceTree = "<group>"; };
		4C02F1230E76BD3C004B38C1 /* Search.xib */ = {isa = PBXFileReference; lastKnownFileType = file.xib; path = Search.xib; sourceTree = "<group>"; };
		4C02F1430E76D455004B38C1 /* Icon.png */ = {isa = PBXFileReference; lastKnownFileType = image.png; path = Icon.png; sourceTree = "<group>"; };
		4C05F87D0F7EC1D60077DB6D /* EksiTitleHeaderView.h */ = {isa = PBXFileReference; fileEncoding = 4; lastKnownFileType = sourcecode.c.h; name = EksiTitleHeaderView.h; path = Classes/EksiTitleHeaderView.h; sourceTree = "<group>"; };
		4C05F87E0F7EC1D60077DB6D /* EksiTitleHeaderView.m */ = {isa = PBXFileReference; fileEncoding = 4; lastKnownFileType = sourcecode.c.objc; name = EksiTitleHeaderView.m; path = Classes/EksiTitleHeaderView.m; sourceTree = "<group>"; };
		4C05FAA50F7EE21A0077DB6D /* EksiEntryCell.h */ = {isa = PBXFileReference; fileEncoding = 4; lastKnownFileType = sourcecode.c.h; name = EksiEntryCell.h; path = Classes/EksiEntryCell.h; sourceTree = "<group>"; };
		4C05FAA60F7EE21A0077DB6D /* EksiEntryCell.m */ = {isa = PBXFileReference; fileEncoding = 4; lastKnownFileType = sourcecode.c.objc; name = EksiEntryCell.m; path = Classes/EksiEntryCell.m; sourceTree = "<group>"; };
		4C2A2CBF0E8A446C00E559DA /* TitleController.h */ = {isa = PBXFileReference; fileEncoding = 4; lastKnownFileType = sourcecode.c.h; name = TitleController.h; path = Classes/TitleController.h; sourceTree = "<group>"; };
		4C2A2CC00E8A446C00E559DA /* TitleController.m */ = {isa = PBXFileReference; fileEncoding = 4; lastKnownFileType = sourcecode.c.objc; name = TitleController.m; path = Classes/TitleController.m; sourceTree = "<group>"; };
		4C54C4C60F19728E00488AE8 /* Entitlements.plist */ = {isa = PBXFileReference; fileEncoding = 4; lastKnownFileType = text.plist.xml; path = Entitlements.plist; sourceTree = "<group>"; };
		4C54C5C80F197CE600488AE8 /* CoreGraphics.framework */ = {isa = PBXFileReference; lastKnownFileType = wrapper.framework; name = CoreGraphics.framework; path = System/Library/Frameworks/CoreGraphics.framework; sourceTree = SDKROOT; };
		4C6DFBDB0F16D7A70051A86B /* Default.png */ = {isa = PBXFileReference; lastKnownFileType = image.png; path = Default.png; sourceTree = "<group>"; };
		4C81B03C0E90F37800E76220 /* Foundation.framework */ = {isa = PBXFileReference; lastKnownFileType = wrapper.framework; name = Foundation.framework; path = System/Library/Frameworks/Foundation.framework; sourceTree = SDKROOT; };
		4C81B0400E90F37F00E76220 /* UIKit.framework */ = {isa = PBXFileReference; lastKnownFileType = wrapper.framework; name = UIKit.framework; path = System/Library/Frameworks/UIKit.framework; sourceTree = SDKROOT; };
		4C81B0560E90F47400E76220 /* EksiEntry.h */ = {isa = PBXFileReference; fileEncoding = 4; lastKnownFileType = sourcecode.c.h; name = EksiEntry.h; path = Classes/EksiEntry.h; sourceTree = "<group>"; };
		4C81B0570E90F47400E76220 /* EksiEntry.m */ = {isa = PBXFileReference; fileEncoding = 4; lastKnownFileType = sourcecode.c.objc; name = EksiEntry.m; path = Classes/EksiEntry.m; sourceTree = "<group>"; };
		4C81B1D90E91350300E76220 /* EksiTitle.h */ = {isa = PBXFileReference; fileEncoding = 4; lastKnownFileType = sourcecode.c.h; name = EksiTitle.h; path = Classes/EksiTitle.h; sourceTree = "<group>"; };
		4C81B1DA0E91350300E76220 /* EksiTitle.m */ = {isa = PBXFileReference; fileEncoding = 4; lastKnownFileType = sourcecode.c.objc; name = EksiTitle.m; path = Classes/EksiTitle.m; sourceTree = "<group>"; };
		4CA6DFD50F9B6A070026304B /* EntryController.h */ = {isa = PBXFileReference; fileEncoding = 4; lastKnownFileType = sourcecode.c.h; name = EntryController.h; path = Classes/EntryController.h; sourceTree = "<group>"; };
		4CA6DFD60F9B6A070026304B /* EntryController.m */ = {isa = PBXFileReference; fileEncoding = 4; lastKnownFileType = sourcecode.c.objc; name = EntryController.m; path = Classes/EntryController.m; sourceTree = "<group>"; };
		4CA6E0220F9B6D4D0026304B /* AuthorView.h */ = {isa = PBXFileReference; fileEncoding = 4; lastKnownFileType = sourcecode.c.h; name = AuthorView.h; path = Classes/AuthorView.h; sourceTree = "<group>"; };
		4CA6E0230F9B6D4D0026304B /* AuthorView.m */ = {isa = PBXFileReference; fileEncoding = 4; lastKnownFileType = sourcecode.c.objc; name = AuthorView.m; path = Classes/AuthorView.m; sourceTree = "<group>"; };
		4CA6E0B30F9B7AFF0026304B /* GradientView.h */ = {isa = PBXFileReference; fileEncoding = 4; lastKnownFileType = sourcecode.c.h; name = GradientView.h; path = Classes/GradientView.h; sourceTree = "<group>"; };
		4CA6E0B40F9B7AFF0026304B /* GradientView.m */ = {isa = PBXFileReference; fileEncoding = 4; lastKnownFileType = sourcecode.c.objc; name = GradientView.m; path = Classes/GradientView.m; sourceTree = "<group>"; };
		4CC683620E8F845400737EB8 /* EksiLinkController.h */ = {isa = PBXFileReference; fileEncoding = 4; lastKnownFileType = sourcecode.c.h; name = EksiLinkController.h; path = Classes/EksiLinkController.h; sourceTree = "<group>"; };
		4CC683630E8F845400737EB8 /* EksiLinkController.m */ = {isa = PBXFileReference; fileEncoding = 4; lastKnownFileType = sourcecode.c.objc; name = EksiLinkController.m; path = Classes/EksiLinkController.m; sourceTree = "<group>"; };
		8D1107310486CEB800E47090 /* Info.plist */ = {isa = PBXFileReference; fileEncoding = 4; lastKnownFileType = text.plist.xml; path = Info.plist; sourceTree = "<group>"; };
/* End PBXFileReference section */

/* Begin PBXFrameworksBuildPhase section */
		1D60588F0D05DD3D006BFB54 /* Frameworks */ = {
			isa = PBXFrameworksBuildPhase;
			buildActionMask = 2147483647;
			files = (
				4C81B03D0E90F37800E76220 /* Foundation.framework in Frameworks */,
				4C81B0410E90F37F00E76220 /* UIKit.framework in Frameworks */,
				4C54C5C90F197CE600488AE8 /* CoreGraphics.framework in Frameworks */,
			);
			runOnlyForDeploymentPostprocessing = 0;
		};
/* End PBXFrameworksBuildPhase section */

/* Begin PBXGroup section */
		080E96DDFE201D6D7F000001 /* Classes */ = {
			isa = PBXGroup;
			children = (
				1D3623240D0F684500981E51 /* EksiSozlukAppDelegate.h */,
				1D3623250D0F684500981E51 /* EksiSozlukAppDelegate.m */,
			);
			path = Classes;
			sourceTree = "<group>";
		};
		19C28FACFE9D520D11CA2CBB /* Products */ = {
			isa = PBXGroup;
			children = (
				1D6058910D05DD3D006BFB54 /* EksiSozluk.app */,
			);
			name = Products;
			sourceTree = "<group>";
		};
		29B97314FDCFA39411CA2CEA /* EksiSozluk */ = {
			isa = PBXGroup;
			children = (
				080E96DDFE201D6D7F000001 /* Classes */,
				4C7AFA7D0F18F6D700E2FC74 /* Models */,
				4C05F6A50F7EADE20077DB6D /* Views */,
				4C7AFA7C0F18F6CF00E2FC74 /* Controllers */,
				29B97315FDCFA39411CA2CEA /* Other Sources */,
				29B97317FDCFA39411CA2CEA /* Resources */,
				29B97323FDCFA39411CA2CEA /* Frameworks */,
				19C28FACFE9D520D11CA2CBB /* Products */,
				4C54C4C60F19728E00488AE8 /* Entitlements.plist */,
			);
			name = EksiSozluk;
			sourceTree = "<group>";
		};
		29B97315FDCFA39411CA2CEA /* Other Sources */ = {
			isa = PBXGroup;
			children = (
				28A0AB4B0D9B1048005BE974 /* EksiSozluk_Prefix.pch */,
				29B97316FDCFA39411CA2CEA /* main.m */,
			);
			name = "Other Sources";
			sourceTree = "<group>";
		};
		29B97317FDCFA39411CA2CEA /* Resources */ = {
			isa = PBXGroup;
			children = (
				4C02F1430E76D455004B38C1 /* Icon.png */,
				28AD73870D9D96C1002E5188 /* MainWindow.xib */,
				4C02F1230E76BD3C004B38C1 /* Search.xib */,
				4C02F10E0E76BA89004B38C1 /* Recents.xib */,
				8D1107310486CEB800E47090 /* Info.plist */,
				4C6DFBDB0F16D7A70051A86B /* Default.png */,
			);
			name = Resources;
			sourceTree = "<group>";
		};
		29B97323FDCFA39411CA2CEA /* Frameworks */ = {
			isa = PBXGroup;
			children = (
				4C81B0400E90F37F00E76220 /* UIKit.framework */,
				4C81B03C0E90F37800E76220 /* Foundation.framework */,
				4C54C5C80F197CE600488AE8 /* CoreGraphics.framework */,
			);
			name = Frameworks;
			sourceTree = "<group>";
		};
		4C05F6A50F7EADE20077DB6D /* Views */ = {
			isa = PBXGroup;
			children = (
				4C05FAA50F7EE21A0077DB6D /* EksiEntryCell.h */,
				4C05FAA60F7EE21A0077DB6D /* EksiEntryCell.m */,
				4C05F87D0F7EC1D60077DB6D /* EksiTitleHeaderView.h */,
				4C05F87E0F7EC1D60077DB6D /* EksiTitleHeaderView.m */,
				4CA6E0220F9B6D4D0026304B /* AuthorView.h */,
				4CA6E0230F9B6D4D0026304B /* AuthorView.m */,
				4CA6E0B30F9B7AFF0026304B /* GradientView.h */,
				4CA6E0B40F9B7AFF0026304B /* GradientView.m */,
			);
			name = Views;
			sourceTree = "<group>";
		};
		4C7AFA7C0F18F6CF00E2FC74 /* Controllers */ = {
			isa = PBXGroup;
			children = (
				4CC683620E8F845400737EB8 /* EksiLinkController.h */,
				4CC683630E8F845400737EB8 /* EksiLinkController.m */,
				4C02F1080E76BA57004B38C1 /* RecentsController.h */,
				4C02F1090E76BA57004B38C1 /* RecentsController.m */,
				4C02F10B0E76BA63004B38C1 /* SearchController.h */,
				4C02F10C0E76BA63004B38C1 /* SearchController.m */,
				4C2A2CBF0E8A446C00E559DA /* TitleController.h */,
				4C2A2CC00E8A446C00E559DA /* TitleController.m */,
				4CA6DFD50F9B6A070026304B /* EntryController.h */,
				4CA6DFD60F9B6A070026304B /* EntryController.m */,
			);
			name = Controllers;
			sourceTree = "<group>";
		};
		4C7AFA7D0F18F6D700E2FC74 /* Models */ = {
			isa = PBXGroup;
			children = (
				4C81B0560E90F47400E76220 /* EksiEntry.h */,
				4C81B0570E90F47400E76220 /* EksiEntry.m */,
				4C81B1D90E91350300E76220 /* EksiTitle.h */,
				4C81B1DA0E91350300E76220 /* EksiTitle.m */,
			);
			name = Models;
			sourceTree = "<group>";
		};
/* End PBXGroup section */

/* Begin PBXNativeTarget section */
		1D6058900D05DD3D006BFB54 /* Eksi Sozluk */ = {
			isa = PBXNativeTarget;
			buildConfigurationList = 1D6058960D05DD3E006BFB54 /* Build configuration list for PBXNativeTarget "Eksi Sozluk" */;
			buildPhases = (
				1D60588D0D05DD3D006BFB54 /* Resources */,
				1D60588E0D05DD3D006BFB54 /* Sources */,
				1D60588F0D05DD3D006BFB54 /* Frameworks */,
			);
			buildRules = (
			);
			dependencies = (
			);
			name = "Eksi Sozluk";
			productName = EksiSozluk;
			productReference = 1D6058910D05DD3D006BFB54 /* EksiSozluk.app */;
			productType = "com.apple.product-type.application";
		};
/* End PBXNativeTarget section */

/* Begin PBXProject section */
		29B97313FDCFA39411CA2CEA /* Project object */ = {
			isa = PBXProject;
			buildConfigurationList = C01FCF4E08A954540054247B /* Build configuration list for PBXProject "Eksi Sozluk" */;
			compatibilityVersion = "Xcode 3.1";
			hasScannedForEncodings = 1;
			mainGroup = 29B97314FDCFA39411CA2CEA /* EksiSozluk */;
			projectDirPath = "";
			projectRoot = "";
			targets = (
				1D6058900D05DD3D006BFB54 /* Eksi Sozluk */,
			);
		};
/* End PBXProject section */

/* Begin PBXResourcesBuildPhase section */
		1D60588D0D05DD3D006BFB54 /* Resources */ = {
			isa = PBXResourcesBuildPhase;
			buildActionMask = 2147483647;
			files = (
				28AD73880D9D96C1002E5188 /* MainWindow.xib in Resources */,
				4C02F10F0E76BA89004B38C1 /* Recents.xib in Resources */,
				4C02F1240E76BD3C004B38C1 /* Search.xib in Resources */,
				4C02F1440E76D455004B38C1 /* Icon.png in Resources */,
				4C6DFBDC0F16D7A70051A86B /* Default.png in Resources */,
				4C54C4C70F19728E00488AE8 /* Entitlements.plist in Resources */,
			);
			runOnlyForDeploymentPostprocessing = 0;
		};
/* End PBXResourcesBuildPhase section */

/* Begin PBXSourcesBuildPhase section */
		1D60588E0D05DD3D006BFB54 /* Sources */ = {
			isa = PBXSourcesBuildPhase;
			buildActionMask = 2147483647;
			files = (
				1D60589B0D05DD56006BFB54 /* main.m in Sources */,
				1D3623260D0F684500981E51 /* EksiSozlukAppDelegate.m in Sources */,
				4C02F10A0E76BA57004B38C1 /* RecentsController.m in Sources */,
				4C02F10D0E76BA63004B38C1 /* SearchController.m in Sources */,
				4C2A2CC10E8A446C00E559DA /* TitleController.m in Sources */,
				4CC683640E8F845400737EB8 /* EksiLinkController.m in Sources */,
				4C81B0580E90F47400E76220 /* EksiEntry.m in Sources */,
				4C81B1DB0E91350300E76220 /* EksiTitle.m in Sources */,
				4C05F87F0F7EC1D60077DB6D /* EksiTitleHeaderView.m in Sources */,
				4C05FAA70F7EE21A0077DB6D /* EksiEntryCell.m in Sources */,
				4CA6DFD70F9B6A070026304B /* EntryController.m in Sources */,
				4CA6E0240F9B6D4D0026304B /* AuthorView.m in Sources */,
				4CA6E0B50F9B7AFF0026304B /* GradientView.m in Sources */,
			);
			runOnlyForDeploymentPostprocessing = 0;
		};
/* End PBXSourcesBuildPhase section */

/* Begin XCBuildConfiguration section */
		1D6058940D05DD3E006BFB54 /* Debug */ = {
			isa = XCBuildConfiguration;
			buildSettings = {
				ALWAYS_SEARCH_USER_PATHS = NO;
				COPY_PHASE_STRIP = NO;
				GCC_DYNAMIC_NO_PIC = NO;
				GCC_OPTIMIZATION_LEVEL = 0;
				GCC_PRECOMPILE_PREFIX_HEADER = YES;
				GCC_PREFIX_HEADER = EksiSozluk_Prefix.pch;
				INFOPLIST_FILE = Info.plist;
				PRODUCT_NAME = EksiSozluk;
			};
			name = Debug;
		};
		1D6058950D05DD3E006BFB54 /* Release */ = {
			isa = XCBuildConfiguration;
			buildSettings = {
				ALWAYS_SEARCH_USER_PATHS = NO;
				COPY_PHASE_STRIP = YES;
				GCC_PRECOMPILE_PREFIX_HEADER = YES;
				GCC_PREFIX_HEADER = EksiSozluk_Prefix.pch;
				INFOPLIST_FILE = Info.plist;
				PRODUCT_NAME = EksiSozluk;
			};
			name = Release;
		};
		4CAFC5FA0F1970AD001FC34D /* Distribution */ = {
			isa = XCBuildConfiguration;
			buildSettings = {
				ARCHS = "$(ARCHS_STANDARD_32_BIT)";
				"CODE_SIGN_IDENTITY[sdk=iphoneos*]" = "iPhone Developer: Can Berk Guder";
				GCC_C_LANGUAGE_STANDARD = c99;
				GCC_WARN_ABOUT_RETURN_TYPE = YES;
				GCC_WARN_UNUSED_VARIABLE = YES;
				PREBINDING = NO;
				"PROVISIONING_PROFILE[sdk=iphoneos*]" = "0BCF0DD2-D578-4E51-8D09-A2024F4AE0D1";
				SDKROOT = iphoneos2.0;
			};
			name = Distribution;
		};
		4CAFC5FB0F1970AD001FC34D /* Distribution */ = {
			isa = XCBuildConfiguration;
			buildSettings = {
				ALWAYS_SEARCH_USER_PATHS = NO;
				CODE_SIGN_ENTITLEMENTS = Entitlements.plist;
				"CODE_SIGN_IDENTITY[sdk=iphoneos*]" = "iPhone Distribution: Can Berk Guder";
				COPY_PHASE_STRIP = YES;
				GCC_PRECOMPILE_PREFIX_HEADER = YES;
				GCC_PREFIX_HEADER = EksiSozluk_Prefix.pch;
				INFOPLIST_FILE = Info.plist;
				PRODUCT_NAME = EksiSozluk;
				"PROVISIONING_PROFILE[sdk=iphoneos*]" = "EF2A50BA-17C4-4B25-8522-363B2D421874";
			};
			name = Distribution;
		};
		C01FCF4F08A954540054247B /* Debug */ = {
			isa = XCBuildConfiguration;
			buildSettings = {
				ARCHS = "$(ARCHS_STANDARD_32_BIT)";
				"CODE_SIGN_IDENTITY[sdk=iphoneos*]" = "iPhone Developer: Can Berk Guder";
				GCC_C_LANGUAGE_STANDARD = c99;
				GCC_WARN_ABOUT_RETURN_TYPE = YES;
				GCC_WARN_UNUSED_VARIABLE = YES;
				ONLY_ACTIVE_ARCH = YES;
				PREBINDING = NO;
				"PROVISIONING_PROFILE[sdk=iphoneos*]" = "0BCF0DD2-D578-4E51-8D09-A2024F4AE0D1";
				SDKROOT = iphoneos2.0;
			};
			name = Debug;
		};
		C01FCF5008A954540054247B /* Release */ = {
			isa = XCBuildConfiguration;
			buildSettings = {
				ARCHS = "$(ARCHS_STANDARD_32_BIT)";
				"CODE_SIGN_IDENTITY[sdk=iphoneos*]" = "iPhone Developer: Can Berk Guder";
				GCC_C_LANGUAGE_STANDARD = c99;
				GCC_WARN_ABOUT_RETURN_TYPE = YES;
				GCC_WARN_UNUSED_VARIABLE = YES;
				PREBINDING = NO;
				"PROVISIONING_PROFILE[sdk=iphoneos*]" = "0BCF0DD2-D578-4E51-8D09-A2024F4AE0D1";
				SDKROOT = iphoneos2.0;
			};
			name = Release;
		};
/* End XCBuildConfiguration section */

/* Begin XCConfigurationList section */
		1D6058960D05DD3E006BFB54 /* Build configuration list for PBXNativeTarget "Eksi Sozluk" */ = {
			isa = XCConfigurationList;
			buildConfigurations = (
				1D6058940D05DD3E006BFB54 /* Debug */,
				1D6058950D05DD3E006BFB54 /* Release */,
				4CAFC5FB0F1970AD001FC34D /* Distribution */,
			);
			defaultConfigurationIsVisible = 0;
			defaultConfigurationName = Release;
		};
		C01FCF4E08A954540054247B /* Build configuration list for PBXProject "Eksi Sozluk" */ = {
			isa = XCConfigurationList;
			buildConfigurations = (
				C01FCF4F08A954540054247B /* Debug */,
				C01FCF5008A954540054247B /* Release */,
				4CAFC5FA0F1970AD001FC34D /* Distribution */,
			);
			defaultConfigurationIsVisible = 0;
			defaultConfigurationName = Release;
		};
/* End XCConfigurationList section */
	};
	rootObject = 29B97313FDCFA39411CA2CEA /* Project object */;
}
